<?xml version="1.0" encoding="utf-8"?>
<Project ToolsVersion="4.0" xmlns="http://schemas.microsoft.com/developer/msbuild/2003">
  <ItemGroup>
    <Filter Include="Header Files">
      <UniqueIdentifier>{5a9cdfc8-1cf4-495a-8042-d4734832e116}</UniqueIdentifier>
      <Extensions>.h</Extensions>
    </Filter>
    <Filter Include="Source Files">
      <UniqueIdentifier>{138e4ece-16ae-4ebb-bd53-d80e3202c61c}</UniqueIdentifier>
      <Extensions>.cpp</Extensions>
    </Filter>
    <Filter Include="Storage Handling">
      <UniqueIdentifier>{ede4ee6d-810e-4579-a07a-818489c05f49}</UniqueIdentifier>
    </Filter>
  </ItemGroup>
  <ItemGroup>
    <ClCompile Include="src\AbstrCalculator.cpp">
      <Filter>Source Files</Filter>
    </ClCompile>
    <ClCompile Include="src\AbstrDataItem.cpp">
      <Filter>Source Files</Filter>
    </ClCompile>
    <ClCompile Include="src\AbstrDataObject.cpp">
      <Filter>Source Files</Filter>
    </ClCompile>
    <ClCompile Include="src\AbstrUnit.cpp">
      <Filter>Source Files</Filter>
    </ClCompile>
    <ClCompile Include="src\attr_Interface.cpp">
      <Filter>Source Files</Filter>
    </ClCompile>
    <ClCompile Include="src\CopyTreeContext.cpp">
      <Filter>Source Files</Filter>
    </ClCompile>
    <ClCompile Include="src\DataArray.cpp">
      <Filter>Source Files</Filter>
    </ClCompile>
    <ClCompile Include="src\DataController.cpp">
      <Filter>Source Files</Filter>
    </ClCompile>
    <ClCompile Include="src\DataItemClass.cpp">
      <Filter>Source Files</Filter>
    </ClCompile>
    <ClCompile Include="src\DataLockContainers.cpp">
      <Filter>Source Files</Filter>
    </ClCompile>
    <ClCompile Include="src\DataLocks.cpp">
      <Filter>Source Files</Filter>
    </ClCompile>
    <ClCompile Include="src\DataStoreManager.cpp">
      <Filter>Source Files</Filter>
    </ClCompile>
    <ClCompile Include="src\DisplayValue.cpp">
      <Filter>Source Files</Filter>
    </ClCompile>
    <ClCompile Include="src\Explain.cpp">
      <Filter>Source Files</Filter>
    </ClCompile>
    <ClCompile Include="src\ExtLockMgr.cpp">
      <Filter>Source Files</Filter>
    </ClCompile>
    <ClCompile Include="src\FreeDataManager.cpp">
      <Filter>Source Files</Filter>
    </ClCompile>
    <ClCompile Include="src\LispTreeType.cpp">
      <Filter>Source Files</Filter>
    </ClCompile>
    <ClCompile Include="src\Metric.cpp">
      <Filter>Source Files</Filter>
    </ClCompile>
    <ClCompile Include="src\MoreDataControllers.cpp">
      <Filter>Source Files</Filter>
    </ClCompile>
    <ClCompile Include="src\Operator.cpp">
      <Filter>Source Files</Filter>
    </ClCompile>
    <ClCompile Include="src\OperGroups.cpp">
      <Filter>Source Files</Filter>
    </ClCompile>
    <ClCompile Include="src\Param.cpp">
      <Filter>Source Files</Filter>
    </ClCompile>
    <ClCompile Include="src\SourceDescr.cpp">
      <Filter>Source Files</Filter>
    </ClCompile>
    <ClCompile Include="src\StateChangeNotification.cpp">
      <Filter>Source Files</Filter>
    </ClCompile>
    <ClCompile Include="src\stg\AbstrStoragemanager.cpp">
      <Filter>Storage Handling</Filter>
    </ClCompile>
    <ClCompile Include="src\stg\AbstrStreamManager.cpp">
      <Filter>Storage Handling</Filter>
    </ClCompile>
    <ClCompile Include="src\stg\AsmUtil.cpp">
      <Filter>Storage Handling</Filter>
    </ClCompile>
    <ClCompile Include="src\stg\StorageClass.cpp">
      <Filter>Storage Handling</Filter>
    </ClCompile>
    <ClCompile Include="src\stg\StorageInterface.cpp">
      <Filter>Storage Handling</Filter>
    </ClCompile>
    <ClCompile Include="src\SupplCache.cpp">
      <Filter>Source Files</Filter>
    </ClCompile>
    <ClCompile Include="src\TicInterface.cpp">
      <Filter>Source Files</Filter>
    </ClCompile>
    <ClCompile Include="src\TreeItem.cpp">
      <Filter>Source Files</Filter>
    </ClCompile>
    <ClCompile Include="src\TreeItemClass.cpp">
      <Filter>Source Files</Filter>
    </ClCompile>
    <ClCompile Include="src\TreeItemContextHandle.cpp">
      <Filter>Source Files</Filter>
    </ClCompile>
    <ClCompile Include="src\TreeItemProps.cpp">
      <Filter>Source Files</Filter>
    </ClCompile>
    <ClCompile Include="src\TreeItemSet.cpp">
      <Filter>Source Files</Filter>
    </ClCompile>
    <ClCompile Include="src\Unit.cpp">
      <Filter>Source Files</Filter>
    </ClCompile>
    <ClCompile Include="src\UnitClass.cpp">
      <Filter>Source Files</Filter>
    </ClCompile>
    <ClCompile Include="src\UsingCache.cpp">
      <Filter>Source Files</Filter>
    </ClCompile>
    <ClCompile Include="src\Xml\XmlTreeOut.cpp">
      <Filter>Source Files</Filter>
    </ClCompile>
    <ClCompile Include="src\Xml\XmlTreeParser.cpp">
      <Filter>Source Files</Filter>
    </ClCompile>
    <ClCompile Include="src\TreeItemFlags.cpp">
      <Filter>Source Files</Filter>
    </ClCompile>
    <ClCompile Include="src\CalcDestroyer.cpp">
      <Filter>Source Files</Filter>
    </ClCompile>
    <ClCompile Include="src\Aspect.cpp">
      <Filter>Source Files</Filter>
    </ClCompile>
    <ClCompile Include="src\SessionData.cpp" />
    <ClCompile Include="src\DedicatedAttrs.cpp" />
    <ClCompile Include="src\ItemLocks.cpp" />
    <ClCompile Include="src\OperationContext.cpp" />
    <ClCompile Include="src\TreeItemUtils.cpp" />
    <ClCompile Include="src\ExprRewrite.cpp" />
    <ClCompile Include="src\LispContextHandle.cpp" />
    <ClCompile Include="FileName.cpp" />
  </ItemGroup>
  <ItemGroup>
    <ClInclude Include="src\AbstrCalculator.h">
      <Filter>Header Files</Filter>
    </ClInclude>
    <ClInclude Include="src\AbstrDataItem.h">
      <Filter>Header Files</Filter>
    </ClInclude>
    <ClInclude Include="src\AbstrDataObject.h">
      <Filter>Header Files</Filter>
    </ClInclude>
    <ClInclude Include="src\AbstrUnit.h">
      <Filter>Header Files</Filter>
    </ClInclude>
    <ClInclude Include="src\CheckedDomain.h">
      <Filter>Header Files</Filter>
    </ClInclude>
    <ClInclude Include="src\CopyTreeContext.h">
      <Filter>Header Files</Filter>
    </ClInclude>
    <ClInclude Include="src\DataArray.h">
      <Filter>Header Files</Filter>
    </ClInclude>
    <ClInclude Include="src\DataCheckMode.h">
      <Filter>Header Files</Filter>
    </ClInclude>
    <ClInclude Include="src\DataController.h">
      <Filter>Header Files</Filter>
    </ClInclude>
    <ClInclude Include="src\DataItemClass.h">
      <Filter>Header Files</Filter>
    </ClInclude>
    <ClInclude Include="src\DataLockContainers.h">
      <Filter>Header Files</Filter>
    </ClInclude>
    <ClInclude Include="src\DataLocks.h">
      <Filter>Header Files</Filter>
    </ClInclude>
    <ClInclude Include="src\datastoremanager.h">
      <Filter>Header Files</Filter>
    </ClInclude>
    <ClInclude Include="src\DataStoreManagerCaller.h">
      <Filter>Header Files</Filter>
    </ClInclude>
    <ClInclude Include="src\DC_Ptr.h">
      <Filter>Header Files</Filter>
    </ClInclude>
    <ClInclude Include="src\DisplayValue.h">
      <Filter>Header Files</Filter>
    </ClInclude>
    <ClInclude Include="src\FreeDataManager.h">
      <Filter>Header Files</Filter>
    </ClInclude>
    <ClInclude Include="src\ItemUpdate.h">
      <Filter>Header Files</Filter>
    </ClInclude>
    <ClInclude Include="src\LispTreeType.h">
      <Filter>Header Files</Filter>
    </ClInclude>
    <ClInclude Include="src\Metric.h">
      <Filter>Header Files</Filter>
    </ClInclude>
    <ClInclude Include="src\MoreDataControllers.h">
      <Filter>Header Files</Filter>
    </ClInclude>
    <ClInclude Include="src\OperArgPolicy.h">
      <Filter>Header Files</Filter>
    </ClInclude>
    <ClInclude Include="src\Operator.h">
      <Filter>Header Files</Filter>
    </ClInclude>
    <ClInclude Include="src\OperGroups.h">
      <Filter>Header Files</Filter>
    </ClInclude>
    <ClInclude Include="src\OperPolicy.h">
      <Filter>Header Files</Filter>
    </ClInclude>
    <ClInclude Include="src\Param.h">
      <Filter>Header Files</Filter>
    </ClInclude>
    <ClInclude Include="src\SessionData.h">
      <Filter>Header Files</Filter>
    </ClInclude>
    <ClInclude Include="src\StateChangeNotification.h">
      <Filter>Header Files</Filter>
    </ClInclude>
    <ClInclude Include="src\stg\AbstrStorageManager.h">
      <Filter>Storage Handling</Filter>
    </ClInclude>
    <ClInclude Include="src\stg\AbstrStreamManager.h">
      <Filter>Header Files</Filter>
    </ClInclude>
    <ClInclude Include="src\stg\AsmUtil.h">
      <Filter>Storage Handling</Filter>
    </ClInclude>
    <ClInclude Include="src\stg\StorageClass.h">
      <Filter>Storage Handling</Filter>
    </ClInclude>
    <ClInclude Include="src\stg\StorageInterface.h">
      <Filter>Storage Handling</Filter>
    </ClInclude>
    <ClInclude Include="src\StoredPropDef.h">
      <Filter>Header Files</Filter>
    </ClInclude>
    <ClInclude Include="src\SupplCache.h">
      <Filter>Header Files</Filter>
    </ClInclude>
    <ClInclude Include="src\TicBase.h">
      <Filter>Header Files</Filter>
    </ClInclude>
    <ClInclude Include="src\TicInterface.h">
      <Filter>Header Files</Filter>
    </ClInclude>
    <ClInclude Include="src\TicPCH.h">
      <Filter>Header Files</Filter>
    </ClInclude>
    <ClInclude Include="src\TicPropDefConst.h">
      <Filter>Header Files</Filter>
    </ClInclude>
    <ClInclude Include="src\TreeItem.h">
      <Filter>Header Files</Filter>
    </ClInclude>
    <ClInclude Include="src\TreeItemClass.h">
      <Filter>Header Files</Filter>
    </ClInclude>
    <ClInclude Include="src\TreeItemContextHandle.h">
      <Filter>Header Files</Filter>
    </ClInclude>
    <ClInclude Include="src\TreeItemDualref.h">
      <Filter>Header Files</Filter>
    </ClInclude>
    <ClInclude Include="src\TreeItemProps.h">
      <Filter>Header Files</Filter>
    </ClInclude>
    <ClInclude Include="src\TreeItemSet.h">
      <Filter>Header Files</Filter>
    </ClInclude>
    <ClInclude Include="src\Unit.h">
      <Filter>Header Files</Filter>
    </ClInclude>
    <ClInclude Include="src\UnitClass.h">
      <Filter>Header Files</Filter>
    </ClInclude>
    <ClInclude Include="src\UnitClassReg.h">
      <Filter>Header Files</Filter>
    </ClInclude>
    <ClInclude Include="src\UnitProcessor.h">
      <Filter>Header Files</Filter>
    </ClInclude>
    <ClInclude Include="src\UsingCache.h">
      <Filter>Header Files</Filter>
    </ClInclude>
    <ClInclude Include="src\Xml\XmlTreeOut.h">
      <Filter>Header Files</Filter>
    </ClInclude>
    <ClInclude Include="src\Xml\XmlTreeParser.h">
      <Filter>Header Files</Filter>
    </ClInclude>
    <ClInclude Include="src\Projection.h">
      <Filter>Header Files</Filter>
    </ClInclude>
    <ClInclude Include="src\ParallelTiles.h">
      <Filter>Header Files</Filter>
    </ClInclude>
    <ClInclude Include="src\TiledUnit.h">
      <Filter>Header Files</Filter>
    </ClInclude>
    <ClInclude Include="src\TileLock.h">
      <Filter>Header Files</Filter>
    </ClInclude>
    <ClInclude Include="src\treeitemflags.h">
      <Filter>Header Files</Filter>
    </ClInclude>
    <ClInclude Include="src\calcdestroyer.h">
      <Filter>Header Files</Filter>
    </ClInclude>
    <ClInclude Include="src\aspect.h">
      <Filter>Header Files</Filter>
    </ClInclude>
    <ClInclude Include="src\dedicatedattrs.h" />
    <ClInclude Include="src\propfuncs.h" />
    <ClInclude Include="src\TileIter.h" />
    <ClInclude Include="src\ItemLocks.h" />
    <ClInclude Include="src\valuefiller.h" />
    <ClInclude Include="src\treeitemutils.h" />
    <ClInclude Include="src\OperationContext.h" />
    <ClInclude Include="src\Explain.h" />
    <ClInclude Include="src\tilechannel.h">
      <Filter>Header Files</Filter>
    </ClInclude>
    <ClInclude Include="src\TileAccess.h" />
    <ClInclude Include="src\ItemContext.h" />
    <ClInclude Include="src\OperationContext.ipp" />
    <ClInclude Include="src\TiledRangeDataImpl.h" />
    <ClInclude Include="src\TiledRangeData.h" />
    <ClInclude Include="src\TileArrayImpl.h" />
    <ClInclude Include="src\TileFunctorImpl.h" />
    <ClInclude Include="src\ExprRewrite.h" />
    <ClInclude Include="src\LispContextHandle.h" />
    <ClInclude Include="src\MetaInfo.h" />
  </ItemGroup>
  <ItemGroup>
    <None Include="src\DataArray.ipp">
      <Filter>Header Files</Filter>
    </None>
  </ItemGroup>
  <ItemGroup>
    <Natvis Include="NatvisFile.natvis" />
  </ItemGroup>
</Project>