<?xml version="1.0" encoding="utf-8"?>
<Project ToolsVersion="4.0" xmlns="http://schemas.microsoft.com/developer/msbuild/2003">
  <ItemGroup>
    <Filter Include="Ascii Grid">
      <UniqueIdentifier>{8bab4ee0-c7df-420a-85ac-cdc4460ca4e4}</UniqueIdentifier>
    </Filter>
    <Filter Include="Ascii Table">
      <UniqueIdentifier>{c6b55bed-23ee-41d8-8ab4-21bbc9c87237}</UniqueIdentifier>
    </Filter>
    <Filter Include="Bmp">
      <UniqueIdentifier>{9627d160-94a5-4c23-8426-8a1b3bd7909a}</UniqueIdentifier>
    </Filter>
    <Filter Include="Compound Storage Manager">
      <UniqueIdentifier>{d1876bd9-5baf-41d2-93de-9c657bf42d9c}</UniqueIdentifier>
    </Filter>
    <Filter Include="dbf">
      <UniqueIdentifier>{fcfeeed3-a167-4a84-b4c4-ae344bee65fe}</UniqueIdentifier>
    </Filter>
    <Filter Include="File System Storage">
      <UniqueIdentifier>{768365fa-6a28-4820-979c-b09a53255280}</UniqueIdentifier>
    </Filter>
    <Filter Include="Odbc">
      <UniqueIdentifier>{5f990854-ffab-48bf-bde3-f8f397aadd77}</UniqueIdentifier>
    </Filter>
    <Filter Include="Shp">
      <UniqueIdentifier>{7c6ad8c8-a0f1-4f59-9ace-f58394fa952f}</UniqueIdentifier>
    </Filter>
    <Filter Include="Str">
      <UniqueIdentifier>{a57098ff-0057-43b9-a3cc-e54fe8314c3b}</UniqueIdentifier>
    </Filter>
    <Filter Include="TIF">
      <UniqueIdentifier>{86254d00-ce4b-4d0b-9cea-04ffef4d610d}</UniqueIdentifier>
    </Filter>
    <Filter Include="GDAL">
      <UniqueIdentifier>{017d85c9-a491-4b8a-b5aa-7fa4b004185b}</UniqueIdentifier>
    </Filter>
  </ItemGroup>
  <ItemGroup>
    <ClCompile Include="src\asc\AscStorageManager.cpp">
      <Filter>Ascii Grid</Filter>
    </ClCompile>
    <ClCompile Include="src\bmp\BmpStorageManager.cpp">
      <Filter>Bmp</Filter>
    </ClCompile>
    <ClCompile Include="src\cfs\CompoundStorageManager.cpp">
      <Filter>Compound Storage Manager</Filter>
    </ClCompile>
    <ClCompile Include="src\dbf\dbfStorageManager.cpp">
      <Filter>dbf</Filter>
    </ClCompile>
    <ClCompile Include="src\DllMain.cpp" />
    <ClCompile Include="src\fss\FileSystemStorageManager.cpp">
      <Filter>File System Storage</Filter>
    </ClCompile>
    <ClCompile Include="src\odbc\OdbcStorageManager.cpp">
      <Filter>Odbc</Filter>
    </ClCompile>
    <ClCompile Include="src\shp\ShpStorageManager.cpp">
      <Filter>Shp</Filter>
    </ClCompile>
    <ClCompile Include="src\str\StrStorageManager.cpp">
      <Filter>Str</Filter>
    </ClCompile>
    <ClCompile Include="src\tif\TifStorageManager.cpp">
      <Filter>TIF</Filter>
    </ClCompile>
    <ClCompile Include="src\xdb\XdbStorageManager.cpp">
      <Filter>Ascii Table</Filter>
    </ClCompile>
    <ClCompile Include="src\gdal\gdal_grid.cpp">
      <Filter>GDAL</Filter>
    </ClCompile>
    <ClCompile Include="src\gdal\gdal_base.cpp">
      <Filter>GDAL</Filter>
    </ClCompile>
    <ClCompile Include="src\gdal\gdal_vect.cpp">
      <Filter>GDAL</Filter>
    </ClCompile>
    <ClCompile Include="src\GridStoragemanager.cpp" />
  </ItemGroup>
  <ItemGroup>
    <ClInclude Include="src\asc\AscStorageManager.h">
      <Filter>Ascii Grid</Filter>
    </ClInclude>
    <ClInclude Include="src\bmp\BmpStorageManager.h">
      <Filter>Bmp</Filter>
    </ClInclude>
    <ClInclude Include="src\cfs\CompoundStorageManager.h">
      <Filter>Compound Storage Manager</Filter>
    </ClInclude>
    <ClInclude Include="src\dbf\dbfStorageManager.h">
      <Filter>dbf</Filter>
    </ClInclude>
    <ClInclude Include="src\fss\FileSystemStorageManager.h">
      <Filter>File System Storage</Filter>
    </ClInclude>
    <ClInclude Include="src\odbc\OdbcStorageManager.h">
      <Filter>Odbc</Filter>
    </ClInclude>
    <ClInclude Include="src\shp\ShpStorageManager.h">
      <Filter>Shp</Filter>
    </ClInclude>
    <ClInclude Include="src\StgImpl.h" />
    <ClInclude Include="src\str\StrStorageManager.h">
      <Filter>Str</Filter>
    </ClInclude>
    <ClInclude Include="src\tif\TifStorageManager.h">
      <Filter>TIF</Filter>
    </ClInclude>
    <ClInclude Include="src\xdb\XdbStorageManager.h">
      <Filter>Ascii Table</Filter>
    </ClInclude>
    <ClInclude Include="src\StgBase.h" />
    <ClInclude Include="src\NameSet.h" />
    <ClInclude Include="src\ViewPortInfoEx.h" />
    <ClInclude Include="src\StoragePch.h" />
    <ClInclude Include="src\gdal\gdal_grid.h">
      <Filter>GDAL</Filter>
    </ClInclude>
    <ClInclude Include="src\gdal\gdal_base.h">
      <Filter>GDAL</Filter>
    </ClInclude>
    <ClInclude Include="src\gdal\gdal_vect.h">
      <Filter>GDAL</Filter>
    </ClInclude>
    <ClInclude Include="src\GridStorageManager.h" />
  </ItemGroup>
  <ItemGroup>
    <CustomBuild Include="C:\dev\vcpkg\installed\$(Platform)-windows\share\proj4\proj.db" />
    <CustomBuild Include="C:\dev\vcpkg\installed\$(Platform)-windows\share\gdal\LICENSE.TXT" />
  </ItemGroup>
</Project>