
Microsoft Visual Studio Solution File, Format Version 12.00
# Visual Studio Version 17
VisualStudioVersion = 17.0.32112.339
MinimumVisualStudioVersion = 10.0.40219.1
Project("{8BC9CEB8-8B4A-11D0-8D11-00A0C91BC942}") = "Rtc", "rtc\dll\DmRtc.vcxproj", "{F1F7B558-CE16-4452-A876-EADB679A4463}"
EndProject
Project("{8BC9CEB8-8B4A-11D0-8D11-00A0C91BC942}") = "Stg", "stg\dll\StgDll.vcxproj", "{F77FAD2B-615A-47D7-AE87-A6F996D63C12}"
	ProjectSection(ProjectDependencies) = postProject
		{EDE22514-D90D-4600-AA3C-F2E149E57A4E} = {EDE22514-D90D-4600-AA3C-F2E149E57A4E}
	EndProjectSection
EndProject
Project("{8BC9CEB8-8B4A-11D0-8D11-00A0C91BC942}") = "Stx", "stx\dll\StxDll.vcxproj", "{DF25D3CA-DD28-4F0D-870A-09B12EADCB2E}"
	ProjectSection(ProjectDependencies) = postProject
		{6C8C307F-5FE6-4905-A828-1A8E0AE5003D} = {6C8C307F-5FE6-4905-A828-1A8E0AE5003D}
		{EDE22514-D90D-4600-AA3C-F2E149E57A4E} = {EDE22514-D90D-4600-AA3C-F2E149E57A4E}
		{F1F7B558-CE16-4452-A876-EADB679A4463} = {F1F7B558-CE16-4452-A876-EADB679A4463}
	EndProjectSection
EndProject
Project("{8BC9CEB8-8B4A-11D0-8D11-00A0C91BC942}") = "Sym", "sym\dll\DmSym.vcxproj", "{6C8C307F-5FE6-4905-A828-1A8E0AE5003D}"
	ProjectSection(ProjectDependencies) = postProject
		{F1F7B558-CE16-4452-A876-EADB679A4463} = {F1F7B558-CE16-4452-A876-EADB679A4463}
	EndProjectSection
EndProject
Project("{8BC9CEB8-8B4A-11D0-8D11-00A0C91BC942}") = "Tic", "tic\dll\DmTic.vcxproj", "{EDE22514-D90D-4600-AA3C-F2E149E57A4E}"
	ProjectSection(ProjectDependencies) = postProject
		{6C8C307F-5FE6-4905-A828-1A8E0AE5003D} = {6C8C307F-5FE6-4905-A828-1A8E0AE5003D}
		{F1F7B558-CE16-4452-A876-EADB679A4463} = {F1F7B558-CE16-4452-A876-EADB679A4463}
	EndProjectSection
EndProject
Project("{8BC9CEB8-8B4A-11D0-8D11-00A0C91BC942}") = "Shv", "shv\dll\ShvDLL.vcxproj", "{BA9FD377-1EE3-45AA-8A7B-2AC7BE68E989}"
	ProjectSection(ProjectDependencies) = postProject
		{41DD88B1-2F24-45AA-9CBB-4318F97BBC22} = {41DD88B1-2F24-45AA-9CBB-4318F97BBC22}
		{C0C75A4B-DD01-4272-8FB5-3A242DA125BA} = {C0C75A4B-DD01-4272-8FB5-3A242DA125BA}
		{EDE22514-D90D-4600-AA3C-F2E149E57A4E} = {EDE22514-D90D-4600-AA3C-F2E149E57A4E}
		{F77FAD2B-615A-47D7-AE87-A6F996D63C12} = {F77FAD2B-615A-47D7-AE87-A6F996D63C12}
	EndProjectSection
EndProject
Project("{8BC9CEB8-8B4A-11D0-8D11-00A0C91BC942}") = "TicTst", "tic\tst\DmTicTst.vcxproj", "{102CAF16-2F89-4D31-9AE2-29B4E1921ECC}"
	ProjectSection(ProjectDependencies) = postProject
		{41DD88B1-2F24-45AA-9CBB-4318F97BBC22} = {41DD88B1-2F24-45AA-9CBB-4318F97BBC22}
		{6C8C307F-5FE6-4905-A828-1A8E0AE5003D} = {6C8C307F-5FE6-4905-A828-1A8E0AE5003D}
		{C0C75A4B-DD01-4272-8FB5-3A242DA125BA} = {C0C75A4B-DD01-4272-8FB5-3A242DA125BA}
		{DF25D3CA-DD28-4F0D-870A-09B12EADCB2E} = {DF25D3CA-DD28-4F0D-870A-09B12EADCB2E}
		{EDE22514-D90D-4600-AA3C-F2E149E57A4E} = {EDE22514-D90D-4600-AA3C-F2E149E57A4E}
		{F1F7B558-CE16-4452-A876-EADB679A4463} = {F1F7B558-CE16-4452-A876-EADB679A4463}
		{F77FAD2B-615A-47D7-AE87-A6F996D63C12} = {F77FAD2B-615A-47D7-AE87-A6F996D63C12}
	EndProjectSection
EndProject
Project("{8BC9CEB8-8B4A-11D0-8D11-00A0C91BC942}") = "GeoDmsRun", "run\exe\DmsRun.vcxproj", "{2D7A02E2-FAF5-4B89-8175-BFE0A4FC97FF}"
	ProjectSection(ProjectDependencies) = postProject
		{41DD88B1-2F24-45AA-9CBB-4318F97BBC22} = {41DD88B1-2F24-45AA-9CBB-4318F97BBC22}
		{6C8C307F-5FE6-4905-A828-1A8E0AE5003D} = {6C8C307F-5FE6-4905-A828-1A8E0AE5003D}
		{BA9FD377-1EE3-45AA-8A7B-2AC7BE68E989} = {BA9FD377-1EE3-45AA-8A7B-2AC7BE68E989}
		{C0C75A4B-DD01-4272-8FB5-3A242DA125BA} = {C0C75A4B-DD01-4272-8FB5-3A242DA125BA}
		{DF25D3CA-DD28-4F0D-870A-09B12EADCB2E} = {DF25D3CA-DD28-4F0D-870A-09B12EADCB2E}
		{EDE22514-D90D-4600-AA3C-F2E149E57A4E} = {EDE22514-D90D-4600-AA3C-F2E149E57A4E}
		{F1F7B558-CE16-4452-A876-EADB679A4463} = {F1F7B558-CE16-4452-A876-EADB679A4463}
		{F77FAD2B-615A-47D7-AE87-A6F996D63C12} = {F77FAD2B-615A-47D7-AE87-A6F996D63C12}
	EndProjectSection
EndProject
Project("{8BC9CEB8-8B4A-11D0-8D11-00A0C91BC942}") = "Geo", "geo\dll\GeoDLL.vcxproj", "{C0C75A4B-DD01-4272-8FB5-3A242DA125BA}"
	ProjectSection(ProjectDependencies) = postProject
		{41DD88B1-2F24-45AA-9CBB-4318F97BBC22} = {41DD88B1-2F24-45AA-9CBB-4318F97BBC22}
		{DF25D3CA-DD28-4F0D-870A-09B12EADCB2E} = {DF25D3CA-DD28-4F0D-870A-09B12EADCB2E}
		{F77FAD2B-615A-47D7-AE87-A6F996D63C12} = {F77FAD2B-615A-47D7-AE87-A6F996D63C12}
	EndProjectSection
EndProject
Project("{8BC9CEB8-8B4A-11D0-8D11-00A0C91BC942}") = "Clc", "clc\dll\Clc.vcxproj", "{41DD88B1-2F24-45AA-9CBB-4318F97BBC22}"
	ProjectSection(ProjectDependencies) = postProject
		{EDE22514-D90D-4600-AA3C-F2E149E57A4E} = {EDE22514-D90D-4600-AA3C-F2E149E57A4E}
		{F1F7B558-CE16-4452-A876-EADB679A4463} = {F1F7B558-CE16-4452-A876-EADB679A4463}
	EndProjectSection
EndProject
Project("{2150E333-8FDC-42A3-9474-1A3956D46DE8}") = "Solution Items", "Solution Items", "{43041446-F114-4F3C-8750-B147FD69766E}"
	ProjectSection(SolutionItems) = preProject
		BuildSignAndCreateSetup.bat = BuildSignAndCreateSetup.bat
		DmsDebug.props = DmsDebug.props
		DmsDef.props = DmsDef.props
		DmsRelease.props = DmsRelease.props
		license.txt = license.txt
		readme-dms.txt = readme-dms.txt
		README.md = README.md
		TestDebugFast.bat = TestDebugFast.bat
		TestDebugUnit.bat = TestDebugUnit.bat
		TestReleaseFast.bat = TestReleaseFast.bat
		TestReleaseUnit.bat = TestReleaseUnit.bat
		vcpkginstall.bat = vcpkginstall.bat
	EndProjectSection
EndProject
Project("{2150E333-8FDC-42A3-9474-1A3956D46DE8}") = "NSIS", "NSIS", "{F6034506-5822-49C4-B88A-ECF5818E44C3}"
	ProjectSection(SolutionItems) = preProject
		nsi\DmsSetupScript.nsh = nsi\DmsSetupScript.nsh
		nsi\DmsSetupScriptW32.nsi = nsi\DmsSetupScriptW32.nsi
		nsi\DmsSetupScriptX64.nsi = nsi\DmsSetupScriptX64.nsi
	EndProjectSection
EndProject
Project("{2150E333-8FDC-42A3-9474-1A3956D46DE8}") = "doc", "doc", "{1030BDA1-1D30-4E73-8472-758D73FED24A}"
	ProjectSection(SolutionItems) = preProject
		doc\LogisticRegresssion.txt = doc\LogisticRegresssion.txt
	EndProjectSection
EndProject
Project("{8BC9CEB8-8B4A-11D0-8D11-00A0C91BC942}") = "GeoDmsGuiQt", "qtgui\exe\GeoDmsGuiQt.vcxproj", "{77EDB66F-676D-45ED-8421-044B2689D85A}"
EndProject
Project("{8BC9CEB8-8B4A-11D0-8D11-00A0C91BC942}") = "GeoDmsPython", "python\dll\DmsPython.vcxproj", "{1139CF27-F48D-4B45-992F-0AD8EC1C1ADB}"
EndProject
Global
	GlobalSection(SolutionConfigurationPlatforms) = preSolution
		Debug|Win32 = Debug|Win32
		Debug|x64 = Debug|x64
		Release|Win32 = Release|Win32
		Release|x64 = Release|x64
	EndGlobalSection
	GlobalSection(ProjectConfigurationPlatforms) = postSolution
		{F1F7B558-CE16-4452-A876-EADB679A4463}.Debug|Win32.ActiveCfg = Debug|Win32
		{F1F7B558-CE16-4452-A876-EADB679A4463}.Debug|Win32.Build.0 = Debug|Win32
		{F1F7B558-CE16-4452-A876-EADB679A4463}.Debug|x64.ActiveCfg = Debug|x64
		{F1F7B558-CE16-4452-A876-EADB679A4463}.Debug|x64.Build.0 = Debug|x64
		{F1F7B558-CE16-4452-A876-EADB679A4463}.Release|Win32.ActiveCfg = Release|Win32
		{F1F7B558-CE16-4452-A876-EADB679A4463}.Release|Win32.Build.0 = Release|Win32
		{F1F7B558-CE16-4452-A876-EADB679A4463}.Release|x64.ActiveCfg = Release|x64
		{F1F7B558-CE16-4452-A876-EADB679A4463}.Release|x64.Build.0 = Release|x64
		{F77FAD2B-615A-47D7-AE87-A6F996D63C12}.Debug|Win32.ActiveCfg = Debug|Win32
		{F77FAD2B-615A-47D7-AE87-A6F996D63C12}.Debug|Win32.Build.0 = Debug|Win32
		{F77FAD2B-615A-47D7-AE87-A6F996D63C12}.Debug|x64.ActiveCfg = Debug|x64
		{F77FAD2B-615A-47D7-AE87-A6F996D63C12}.Debug|x64.Build.0 = Debug|x64
		{F77FAD2B-615A-47D7-AE87-A6F996D63C12}.Release|Win32.ActiveCfg = Release|Win32
		{F77FAD2B-615A-47D7-AE87-A6F996D63C12}.Release|Win32.Build.0 = Release|Win32
		{F77FAD2B-615A-47D7-AE87-A6F996D63C12}.Release|x64.ActiveCfg = Release|x64
		{F77FAD2B-615A-47D7-AE87-A6F996D63C12}.Release|x64.Build.0 = Release|x64
		{DF25D3CA-DD28-4F0D-870A-09B12EADCB2E}.Debug|Win32.ActiveCfg = Debug|Win32
		{DF25D3CA-DD28-4F0D-870A-09B12EADCB2E}.Debug|Win32.Build.0 = Debug|Win32
		{DF25D3CA-DD28-4F0D-870A-09B12EADCB2E}.Debug|x64.ActiveCfg = Debug|x64
		{DF25D3CA-DD28-4F0D-870A-09B12EADCB2E}.Debug|x64.Build.0 = Debug|x64
		{DF25D3CA-DD28-4F0D-870A-09B12EADCB2E}.Release|Win32.ActiveCfg = Release|Win32
		{DF25D3CA-DD28-4F0D-870A-09B12EADCB2E}.Release|Win32.Build.0 = Release|Win32
		{DF25D3CA-DD28-4F0D-870A-09B12EADCB2E}.Release|x64.ActiveCfg = Release|x64
		{DF25D3CA-DD28-4F0D-870A-09B12EADCB2E}.Release|x64.Build.0 = Release|x64
		{6C8C307F-5FE6-4905-A828-1A8E0AE5003D}.Debug|Win32.ActiveCfg = Debug|Win32
		{6C8C307F-5FE6-4905-A828-1A8E0AE5003D}.Debug|Win32.Build.0 = Debug|Win32
		{6C8C307F-5FE6-4905-A828-1A8E0AE5003D}.Debug|x64.ActiveCfg = Debug|x64
		{6C8C307F-5FE6-4905-A828-1A8E0AE5003D}.Debug|x64.Build.0 = Debug|x64
		{6C8C307F-5FE6-4905-A828-1A8E0AE5003D}.Release|Win32.ActiveCfg = Release|Win32
		{6C8C307F-5FE6-4905-A828-1A8E0AE5003D}.Release|Win32.Build.0 = Release|Win32
		{6C8C307F-5FE6-4905-A828-1A8E0AE5003D}.Release|x64.ActiveCfg = Release|x64
		{6C8C307F-5FE6-4905-A828-1A8E0AE5003D}.Release|x64.Build.0 = Release|x64
		{EDE22514-D90D-4600-AA3C-F2E149E57A4E}.Debug|Win32.ActiveCfg = Debug|Win32
		{EDE22514-D90D-4600-AA3C-F2E149E57A4E}.Debug|Win32.Build.0 = Debug|Win32
		{EDE22514-D90D-4600-AA3C-F2E149E57A4E}.Debug|x64.ActiveCfg = Debug|x64
		{EDE22514-D90D-4600-AA3C-F2E149E57A4E}.Debug|x64.Build.0 = Debug|x64
		{EDE22514-D90D-4600-AA3C-F2E149E57A4E}.Release|Win32.ActiveCfg = Release|Win32
		{EDE22514-D90D-4600-AA3C-F2E149E57A4E}.Release|Win32.Build.0 = Release|Win32
		{EDE22514-D90D-4600-AA3C-F2E149E57A4E}.Release|x64.ActiveCfg = Release|x64
		{EDE22514-D90D-4600-AA3C-F2E149E57A4E}.Release|x64.Build.0 = Release|x64
		{BA9FD377-1EE3-45AA-8A7B-2AC7BE68E989}.Debug|Win32.ActiveCfg = Debug|Win32
		{BA9FD377-1EE3-45AA-8A7B-2AC7BE68E989}.Debug|Win32.Build.0 = Debug|Win32
		{BA9FD377-1EE3-45AA-8A7B-2AC7BE68E989}.Debug|x64.ActiveCfg = Debug|x64
		{BA9FD377-1EE3-45AA-8A7B-2AC7BE68E989}.Debug|x64.Build.0 = Debug|x64
		{BA9FD377-1EE3-45AA-8A7B-2AC7BE68E989}.Release|Win32.ActiveCfg = Release|Win32
		{BA9FD377-1EE3-45AA-8A7B-2AC7BE68E989}.Release|Win32.Build.0 = Release|Win32
		{BA9FD377-1EE3-45AA-8A7B-2AC7BE68E989}.Release|x64.ActiveCfg = Release|x64
		{BA9FD377-1EE3-45AA-8A7B-2AC7BE68E989}.Release|x64.Build.0 = Release|x64
		{102CAF16-2F89-4D31-9AE2-29B4E1921ECC}.Debug|Win32.ActiveCfg = Debug|Win32
		{102CAF16-2F89-4D31-9AE2-29B4E1921ECC}.Debug|Win32.Build.0 = Debug|Win32
		{102CAF16-2F89-4D31-9AE2-29B4E1921ECC}.Debug|x64.ActiveCfg = Debug|x64
		{102CAF16-2F89-4D31-9AE2-29B4E1921ECC}.Debug|x64.Build.0 = Debug|x64
		{102CAF16-2F89-4D31-9AE2-29B4E1921ECC}.Release|Win32.ActiveCfg = Release|Win32
		{102CAF16-2F89-4D31-9AE2-29B4E1921ECC}.Release|Win32.Build.0 = Release|Win32
		{102CAF16-2F89-4D31-9AE2-29B4E1921ECC}.Release|x64.ActiveCfg = Release|x64
		{102CAF16-2F89-4D31-9AE2-29B4E1921ECC}.Release|x64.Build.0 = Release|x64
		{2D7A02E2-FAF5-4B89-8175-BFE0A4FC97FF}.Debug|Win32.ActiveCfg = Debug|Win32
		{2D7A02E2-FAF5-4B89-8175-BFE0A4FC97FF}.Debug|Win32.Build.0 = Debug|Win32
		{2D7A02E2-FAF5-4B89-8175-BFE0A4FC97FF}.Debug|x64.ActiveCfg = Debug|x64
		{2D7A02E2-FAF5-4B89-8175-BFE0A4FC97FF}.Debug|x64.Build.0 = Debug|x64
		{2D7A02E2-FAF5-4B89-8175-BFE0A4FC97FF}.Release|Win32.ActiveCfg = Release|Win32
		{2D7A02E2-FAF5-4B89-8175-BFE0A4FC97FF}.Release|Win32.Build.0 = Release|Win32
		{2D7A02E2-FAF5-4B89-8175-BFE0A4FC97FF}.Release|x64.ActiveCfg = Release|x64
		{2D7A02E2-FAF5-4B89-8175-BFE0A4FC97FF}.Release|x64.Build.0 = Release|x64
		{C0C75A4B-DD01-4272-8FB5-3A242DA125BA}.Debug|Win32.ActiveCfg = Debug|Win32
		{C0C75A4B-DD01-4272-8FB5-3A242DA125BA}.Debug|Win32.Build.0 = Debug|Win32
		{C0C75A4B-DD01-4272-8FB5-3A242DA125BA}.Debug|x64.ActiveCfg = Debug|x64
		{C0C75A4B-DD01-4272-8FB5-3A242DA125BA}.Debug|x64.Build.0 = Debug|x64
		{C0C75A4B-DD01-4272-8FB5-3A242DA125BA}.Release|Win32.ActiveCfg = Release|Win32
		{C0C75A4B-DD01-4272-8FB5-3A242DA125BA}.Release|Win32.Build.0 = Release|Win32
		{C0C75A4B-DD01-4272-8FB5-3A242DA125BA}.Release|x64.ActiveCfg = Release|x64
		{C0C75A4B-DD01-4272-8FB5-3A242DA125BA}.Release|x64.Build.0 = Release|x64
		{41DD88B1-2F24-45AA-9CBB-4318F97BBC22}.Debug|Win32.ActiveCfg = Debug|Win32
		{41DD88B1-2F24-45AA-9CBB-4318F97BBC22}.Debug|Win32.Build.0 = Debug|Win32
		{41DD88B1-2F24-45AA-9CBB-4318F97BBC22}.Debug|x64.ActiveCfg = Debug|x64
		{41DD88B1-2F24-45AA-9CBB-4318F97BBC22}.Debug|x64.Build.0 = Debug|x64
		{41DD88B1-2F24-45AA-9CBB-4318F97BBC22}.Release|Win32.ActiveCfg = Release|Win32
		{41DD88B1-2F24-45AA-9CBB-4318F97BBC22}.Release|Win32.Build.0 = Release|Win32
		{41DD88B1-2F24-45AA-9CBB-4318F97BBC22}.Release|x64.ActiveCfg = Release|x64
		{41DD88B1-2F24-45AA-9CBB-4318F97BBC22}.Release|x64.Build.0 = Release|x64
		{77EDB66F-676D-45ED-8421-044B2689D85A}.Debug|Win32.ActiveCfg = Debug|x64
		{77EDB66F-676D-45ED-8421-044B2689D85A}.Debug|Win32.Build.0 = Debug|x64
		{77EDB66F-676D-45ED-8421-044B2689D85A}.Debug|x64.ActiveCfg = Debug|x64
		{77EDB66F-676D-45ED-8421-044B2689D85A}.Debug|x64.Build.0 = Debug|x64
		{77EDB66F-676D-45ED-8421-044B2689D85A}.Release|Win32.ActiveCfg = Release|x64
		{77EDB66F-676D-45ED-8421-044B2689D85A}.Release|Win32.Build.0 = Release|x64
		{77EDB66F-676D-45ED-8421-044B2689D85A}.Release|x64.ActiveCfg = Release|x64
		{77EDB66F-676D-45ED-8421-044B2689D85A}.Release|x64.Build.0 = Release|x64
		{1139CF27-F48D-4B45-992F-0AD8EC1C1ADB}.Debug|Win32.ActiveCfg = Debug|Win32
		{1139CF27-F48D-4B45-992F-0AD8EC1C1ADB}.Debug|Win32.Build.0 = Debug|Win32
		{1139CF27-F48D-4B45-992F-0AD8EC1C1ADB}.Debug|x64.ActiveCfg = Debug|x64
		{1139CF27-F48D-4B45-992F-0AD8EC1C1ADB}.Debug|x64.Build.0 = Debug|x64
		{1139CF27-F48D-4B45-992F-0AD8EC1C1ADB}.Release|Win32.ActiveCfg = Release|Win32
		{1139CF27-F48D-4B45-992F-0AD8EC1C1ADB}.Release|Win32.Build.0 = Release|Win32
		{1139CF27-F48D-4B45-992F-0AD8EC1C1ADB}.Release|x64.ActiveCfg = Release|x64
		{1139CF27-F48D-4B45-992F-0AD8EC1C1ADB}.Release|x64.Build.0 = Release|x64
	EndGlobalSection
	GlobalSection(SolutionProperties) = preSolution
		HideSolutionNode = FALSE
	EndGlobalSection
	GlobalSection(NestedProjects) = preSolution
		{F6034506-5822-49C4-B88A-ECF5818E44C3} = {43041446-F114-4F3C-8750-B147FD69766E}
	EndGlobalSection
	GlobalSection(ExtensibilityGlobals) = postSolution
		SolutionGuid = {C5FA5874-0ACE-4DE3-8FFD-61207AF7E57B}
	EndGlobalSection
	GlobalSection(Performance) = preSolution
		HasPerformanceSessions = true
	EndGlobalSection
EndGlobal
