Microsoft Visual Studio Solution File, Format Version 12.00
# Visual Studio Version 18
VisualStudioVersion = 18.5.11723.231
MinimumVisualStudioVersion = 10.0.40219.1
Project("{8BC9CEB8-8B4A-11D0-8D11-00A0C91BC942}") = "Rtc", "rtc\dll\DmRtc.vcxproj", "{F1F7B558-CE16-4452-A876-EADB679A4463}"
EndProject
Project("{8BC9CEB8-8B4A-11D0-8D11-00A0C91BC942}") = "Stg", "stg\dll\StgDll.vcxproj", "{F77FAD2B-615A-47D7-AE87-A6F996D63C12}"
	ProjectSection(ProjectDependencies) = postProject
	EndProjectSection
EndProject
Project("{8BC9CEB8-8B4A-11D0-8D11-00A0C91BC942}") = "Stx", "stx\dll\StxDll.vcxproj", "{DF25D3CA-DD28-4F0D-870A-09B12EADCB2E}"
	ProjectSection(ProjectDependencies) = postProject
		{F1F7B558-CE16-4452-A876-EADB679A4463} = {F1F7B558-CE16-4452-A876-EADB679A4463}
	EndProjectSection
EndProject
Project("{8BC9CEB8-8B4A-11D0-8D11-00A0C91BC942}") = "Shv", "shv\dll\ShvDLL.vcxproj", "{BA9FD377-1EE3-45AA-8A7B-2AC7BE68E989}"
	ProjectSection(ProjectDependencies) = postProject
		{41DD88B1-2F24-45AA-9CBB-4318F97BBC22} = {41DD88B1-2F24-45AA-9CBB-4318F97BBC22}
		{C0C75A4B-DD01-4272-8FB5-3A242DA125BA} = {C0C75A4B-DD01-4272-8FB5-3A242DA125BA}
		{F77FAD2B-615A-47D7-AE87-A6F996D63C12} = {F77FAD2B-615A-47D7-AE87-A6F996D63C12}
	EndProjectSection
EndProject
Project("{8BC9CEB8-8B4A-11D0-8D11-00A0C91BC942}") = "GeoDmsRun", "run\exe\DmsRun.vcxproj", "{2D7A02E2-FAF5-4B89-8175-BFE0A4FC97FF}"
	ProjectSection(ProjectDependencies) = postProject
		{41DD88B1-2F24-45AA-9CBB-4318F97BBC22} = {41DD88B1-2F24-45AA-9CBB-4318F97BBC22}
		{C0C75A4B-DD01-4272-8FB5-3A242DA125BA} = {C0C75A4B-DD01-4272-8FB5-3A242DA125BA}
		{DF25D3CA-DD28-4F0D-870A-09B12EADCB2E} = {DF25D3CA-DD28-4F0D-870A-09B12EADCB2E}
		{F1F7B558-CE16-4452-A876-EADB679A4463} = {F1F7B558-CE16-4452-A876-EADB679A4463}
		{F77FAD2B-615A-47D7-AE87-A6F996D63C12} = {F77FAD2B-615A-47D7-AE87-A6F996D63C12}
	EndProjectSection
EndProject
Project("{8BC9CEB8-8B4A-11D0-8D11-00A0C91BC942}") = "Geo", "geo\dll\GeoDLL.vcxproj", "{C0C75A4B-DD01-4272-8FB5-3A242DA125BA}"
	ProjectSection(ProjectDependencies) = postProject
		{DF25D3CA-DD28-4F0D-870A-09B12EADCB2E} = {DF25D3CA-DD28-4F0D-870A-09B12EADCB2E}
		{F77FAD2B-615A-47D7-AE87-A6F996D63C12} = {F77FAD2B-615A-47D7-AE87-A6F996D63C12}
	EndProjectSection
EndProject
Project("{8BC9CEB8-8B4A-11D0-8D11-00A0C91BC942}") = "Clc", "clc\dll\Clc.vcxproj", "{41DD88B1-2F24-45AA-9CBB-4318F97BBC22}"
	ProjectSection(ProjectDependencies) = postProject
		{F1F7B558-CE16-4452-A876-EADB679A4463} = {F1F7B558-CE16-4452-A876-EADB679A4463}
	EndProjectSection
EndProject
Project("{2150E333-8FDC-42A3-9474-1A3956D46DE8}") = "Solution Items", "Solution Items", "{43041446-F114-4F3C-8750-B147FD69766E}"
	ProjectSection(SolutionItems) = preProject
		DmsDebug.props = DmsDebug.props
		DmsDef.props = DmsDef.props
		DmsRelease.props = DmsRelease.props
		GeoDmsVersion.cmd = GeoDmsVersion.cmd
		installed-packages.txt = installed-packages.txt
		license.md = license.md
		readme-dms.MD = readme-dms.MD
		README.md = README.md
		vcpkg-configuration.json = vcpkg-configuration.json
		vcpkg.json = vcpkg.json
	EndProjectSection
EndProject
Project("{2150E333-8FDC-42A3-9474-1A3956D46DE8}") = "NSIS", "NSIS", "{F6034506-5822-49C4-B88A-ECF5818E44C3}"
	ProjectSection(SolutionItems) = preProject
		nsi\CreateLinuxSetup.sh = nsi\CreateLinuxSetup.sh
		nsi\DmsSetupScript.nsh = nsi\DmsSetupScript.nsh
		nsi\DmsSetupScriptW32.nsi = nsi\DmsSetupScriptW32.nsi
		nsi\DmsSetupScriptX64-cmake.nsi = nsi\DmsSetupScriptX64-cmake.nsi
		nsi\DmsSetupScriptX64.nsi = nsi\DmsSetupScriptX64.nsi
		nsi\VERIFY-LINUX.md = nsi\VERIFY-LINUX.md
	EndProjectSection
EndProject
Project("{2150E333-8FDC-42A3-9474-1A3956D46DE8}") = "doc", "doc", "{1030BDA1-1D30-4E73-8472-758D73FED24A}"
	ProjectSection(SolutionItems) = preProject
		doc\LogisticRegresssion.txt = doc\LogisticRegresssion.txt
	EndProjectSection
EndProject
Project("{8BC9CEB8-8B4A-11D0-8D11-00A0C91BC942}") = "GeoDmsGuiQt", "qtgui\exe\GeoDmsGuiQt.vcxproj", "{77EDB66F-676D-45ED-8421-044B2689D85A}"
	ProjectSection(ProjectDependencies) = postProject
		{12ACDE31-1E1F-4E8A-AF9D-410CB09AA101} = {12ACDE31-1E1F-4E8A-AF9D-410CB09AA101}
	EndProjectSection
EndProject
Project("{8BC9CEB8-8B4A-11D0-8D11-00A0C91BC942}") = "PyDms", "python\dll\DmsPython.vcxproj", "{1139CF27-F48D-4B45-992F-0AD8EC1C1ADB}"
EndProject
Project("{888888A0-9F3D-457C-B088-3A5042F75D52}") = "PyDmsTst", "python\tst\PyDmsTst.pyproj", "{224917D7-29AA-49A2-9DD8-1B0305C92EFF}"
EndProject
Project("{8BC9CEB8-8B4A-11D0-8D11-00A0C91BC942}") = "CopyResources", "CopyResources\CopyResources.vcxproj", "{12ACDE31-1E1F-4E8A-AF9D-410CB09AA101}"
EndProject
Project("{2150E333-8FDC-42A3-9474-1A3956D46DE8}") = "examples", "examples", "{02EA681E-C7D8-13C7-8484-4AC65E1B71E8}"
	ProjectSection(SolutionItems) = preProject
		examples\convex_hull.dms = examples\convex_hull.dms
		examples\function.dms = examples\function.dms
		examples\grid_to_polygon.dms = examples\grid_to_polygon.dms
	EndProjectSection
EndProject
Project("{2150E333-8FDC-42A3-9474-1A3956D46DE8}") = "library", "library", "{5EB69BFA-4450-4654-9D5D-3BD8A6252EFA}"
	ProjectSection(SolutionItems) = preProject
		library\Units.dms = library\Units.dms
	EndProjectSection
EndProject
Project("{2150E333-8FDC-42A3-9474-1A3956D46DE8}") = "geometry", "geometry", "{DAEA2268-E8F4-4B5A-BA92-78B6706573F0}"
	ProjectSection(SolutionItems) = preProject
		library\geometry\Grid2Poly.dms = library\geometry\Grid2Poly.dms
	EndProjectSection
EndProject
Project("{2150E333-8FDC-42A3-9474-1A3956D46DE8}") = "basedata_nl", "basedata_nl", "{4BA5370E-B346-4808-8EB1-FFEA14F95C08}"
	ProjectSection(SolutionItems) = preProject
		library\basedata_nl\grids.dms = library\basedata_nl\grids.dms
		library\basedata_nl\rdc.dms = library\basedata_nl\rdc.dms
		library\basedata_nl\RegioIndelingen.dms = library\basedata_nl\RegioIndelingen.dms
	EndProjectSection
EndProject
Project("{2150E333-8FDC-42A3-9474-1A3956D46DE8}") = "rdc", "rdc", "{DF48FB24-2017-41E7-AE22-3E7A013014E1}"
	ProjectSection(SolutionItems) = preProject
		library\basedata_nl\rdc\ngr_layer.dms = library\basedata_nl\rdc\ngr_layer.dms
	EndProjectSection
EndProject
Project("{2150E333-8FDC-42A3-9474-1A3956D46DE8}") = "testcases", "testcases", "{201B5F8B-173D-4EAD-824D-A7A4C5F09CC1}"
	ProjectSection(SolutionItems) = preProject
		testcases\combine_uint8_empty.dms = testcases\combine_uint8_empty.dms
		testcases\diversity_circle.dms = testcases\diversity_circle.dms
		testcases\domain_ancestor.dms = testcases\domain_ancestor.dms
		testcases\domain_ancestor_neg.dms = testcases\domain_ancestor_neg.dms
		testcases\dyna_point_dist.dms = testcases\dyna_point_dist.dms
		testcases\dyna_point_zero_dist_neg.dms = testcases\dyna_point_zero_dist_neg.dms
		testcases\escape_codes.dms = testcases\escape_codes.dms
		testcases\fe_names.txt = testcases\fe_names.txt
		testcases\fn_probe_cfgbase_a.dms = testcases\fn_probe_cfgbase_a.dms
		testcases\fn_probe_cfgbase_b.dms = testcases\fn_probe_cfgbase_b.dms
		testcases\fn_probe_cfgbase_deep.dms = testcases\fn_probe_cfgbase_deep.dms
		testcases\fn_probe_cfgbase_neg.dms = testcases\fn_probe_cfgbase_neg.dms
		testcases\fn_probe_cfgbase_scope.dms = testcases\fn_probe_cfgbase_scope.dms
		testcases\fn_test.dms = testcases\fn_test.dms
		testcases\fn_test_anon.dms = testcases\fn_test_anon.dms
		testcases\fn_test_anon_neg1.dms = testcases\fn_test_anon_neg1.dms
		testcases\fn_test_anon_neg2.dms = testcases\fn_test_anon_neg2.dms
		testcases\fn_test_apply.dms = testcases\fn_test_apply.dms
		testcases\fn_test_apply_neg.dms = testcases\fn_test_apply_neg.dms
		testcases\fn_test_applyt.dms = testcases\fn_test_applyt.dms
		testcases\fn_test_applyt2.dms = testcases\fn_test_applyt2.dms
		testcases\fn_test_applyt_neg.dms = testcases\fn_test_applyt_neg.dms
		testcases\fn_test_argcontainer.dms = testcases\fn_test_argcontainer.dms
		testcases\fn_test_argcontainer_neg1.dms = testcases\fn_test_argcontainer_neg1.dms
		testcases\fn_test_argcontainer_neg2.dms = testcases\fn_test_argcontainer_neg2.dms
		testcases\fn_test_arity_neg.dms = testcases\fn_test_arity_neg.dms
		testcases\fn_test_aritydisp.dms = testcases\fn_test_aritydisp.dms
		testcases\fn_test_aritydisp_neg1.dms = testcases\fn_test_aritydisp_neg1.dms
		testcases\fn_test_autoprelude.dms = testcases\fn_test_autoprelude.dms
		testcases\fn_test_bareid.dms = testcases\fn_test_bareid.dms
		testcases\fn_test_byexample.dms = testcases\fn_test_byexample.dms
		testcases\fn_test_byexample2.dms = testcases\fn_test_byexample2.dms
		testcases\fn_test_byexample_neg1.dms = testcases\fn_test_byexample_neg1.dms
		testcases\fn_test_checkall.dms = testcases\fn_test_checkall.dms
		testcases\fn_test_ci.dms = testcases\fn_test_ci.dms
		testcases\fn_test_ci_neg1.dms = testcases\fn_test_ci_neg1.dms
		testcases\fn_test_ci_neg2.dms = testcases\fn_test_ci_neg2.dms
		testcases\fn_test_ci_neg3.dms = testcases\fn_test_ci_neg3.dms
		testcases\fn_test_ci_rev.dms = testcases\fn_test_ci_rev.dms
		testcases\fn_test_ci_rev_neg1.dms = testcases\fn_test_ci_rev_neg1.dms
		testcases\fn_test_closure.dms = testcases\fn_test_closure.dms
		testcases\fn_test_closure2.dms = testcases\fn_test_closure2.dms
		testcases\fn_test_closure_neg.dms = testcases\fn_test_closure_neg.dms
		testcases\fn_test_connect_matrix.dms = testcases\fn_test_connect_matrix.dms
		testcases\fn_test_connect_rev.dms = testcases\fn_test_connect_rev.dms
		testcases\fn_test_constrv.dms = testcases\fn_test_constrv.dms
		testcases\fn_test_containerparam.dms = testcases\fn_test_containerparam.dms
		testcases\fn_test_containerparam2.dms = testcases\fn_test_containerparam2.dms
		testcases\fn_test_containerparam_neg1.dms = testcases\fn_test_containerparam_neg1.dms
		testcases\fn_test_containerparam_neg2.dms = testcases\fn_test_containerparam_neg2.dms
		testcases\fn_test_containerparam_neg3.dms = testcases\fn_test_containerparam_neg3.dms
		testcases\fn_test_crs.dms = testcases\fn_test_crs.dms
		testcases\fn_test_crs_neg.dms = testcases\fn_test_crs_neg.dms
		testcases\fn_test_crs_unify.dms = testcases\fn_test_crs_unify.dms
		testcases\fn_test_crs_unify_neg1.dms = testcases\fn_test_crs_unify_neg1.dms
		testcases\fn_test_crs_unify_neg2.dms = testcases\fn_test_crs_unify_neg2.dms
		testcases\fn_test_da_claimsum.dms = testcases\fn_test_da_claimsum.dms
		testcases\fn_test_da_neg1.dms = testcases\fn_test_da_neg1.dms
		testcases\fn_test_da_neg2.dms = testcases\fn_test_da_neg2.dms
		testcases\fn_test_da_pi64.dms = testcases\fn_test_da_pi64.dms
		testcases\fn_test_dares.dms = testcases\fn_test_dares.dms
		testcases\fn_test_dares_neg1.dms = testcases\fn_test_dares_neg1.dms
		testcases\fn_test_dares_neg2.dms = testcases\fn_test_dares_neg2.dms
		testcases\fn_test_defcheck.dms = testcases\fn_test_defcheck.dms
		testcases\fn_test_domptconstr.dms = testcases\fn_test_domptconstr.dms
		testcases\fn_test_domptconstr_neg1.dms = testcases\fn_test_domptconstr_neg1.dms
		testcases\fn_test_domptconstr_neg2.dms = testcases\fn_test_domptconstr_neg2.dms
		testcases\fn_test_domvar.dms = testcases\fn_test_domvar.dms
		testcases\fn_test_domvar_neg.dms = testcases\fn_test_domvar_neg.dms
		testcases\fn_test_dt.dms = testcases\fn_test_dt.dms
		testcases\fn_test_dt_neg1.dms = testcases\fn_test_dt_neg1.dms
		testcases\fn_test_dt_neg2.dms = testcases\fn_test_dt_neg2.dms
		testcases\fn_test_dt_neg3.dms = testcases\fn_test_dt_neg3.dms
		testcases\fn_test_dt_neg4.dms = testcases\fn_test_dt_neg4.dms
		testcases\fn_test_encl.dms = testcases\fn_test_encl.dms
		testcases\fn_test_fe_neg1.dms = testcases\fn_test_fe_neg1.dms
		testcases\fn_test_fe_neg2.dms = testcases\fn_test_fe_neg2.dms
		testcases\fn_test_fe_neg3.dms = testcases\fn_test_fe_neg3.dms
		testcases\fn_test_fe_neg4.dms = testcases\fn_test_fe_neg4.dms
		testcases\fn_test_fe_neg5.dms = testcases\fn_test_fe_neg5.dms
		testcases\fn_test_fe_neg6.dms = testcases\fn_test_fe_neg6.dms
		testcases\fn_test_fe_neg7.dms = testcases\fn_test_fe_neg7.dms
		testcases\fn_test_fe_neg8.dms = testcases\fn_test_fe_neg8.dms
		testcases\fn_test_fe_pos.dms = testcases\fn_test_fe_pos.dms
		testcases\fn_test_fe_stor_neg.dms = testcases\fn_test_fe_stor_neg.dms
		testcases\fn_test_gsig.dms = testcases\fn_test_gsig.dms
		testcases\fn_test_gsig_neg.dms = testcases\fn_test_gsig_neg.dms
		testcases\fn_test_icheck_conj.dms = testcases\fn_test_icheck_conj.dms
		testcases\fn_test_icheck_conj_neg1.dms = testcases\fn_test_icheck_conj_neg1.dms
		testcases\fn_test_icheck_conj_neg2.dms = testcases\fn_test_icheck_conj_neg2.dms
		testcases\fn_test_icheck_dedup.dms = testcases\fn_test_icheck_dedup.dms
		testcases\fn_test_icheck_dedup_neg1.dms = testcases\fn_test_icheck_dedup_neg1.dms
		testcases\fn_test_icheck_storage.dms = testcases\fn_test_icheck_storage.dms
		testcases\fn_test_icheck_storage_neg1.dms = testcases\fn_test_icheck_storage_neg1.dms
		testcases\fn_test_icheck_storage_self.dms = testcases\fn_test_icheck_storage_self.dms
		testcases\fn_test_icheck_storage_self_neg1.dms = testcases\fn_test_icheck_storage_self_neg1.dms
		testcases\fn_test_icheck_suppl.dms = testcases\fn_test_icheck_suppl.dms
		testcases\fn_test_icheck_suppl_neg1.dms = testcases\fn_test_icheck_suppl_neg1.dms
		testcases\fn_test_icheck_suppl_neg2.dms = testcases\fn_test_icheck_suppl_neg2.dms
		testcases\fn_test_itemname.dms = testcases\fn_test_itemname.dms
		testcases\fn_test_lambda.dms = testcases\fn_test_lambda.dms
		testcases\fn_test_lambda2.dms = testcases\fn_test_lambda2.dms
		testcases\fn_test_lambda_neg.dms = testcases\fn_test_lambda_neg.dms
		testcases\fn_test_literal.dms = testcases\fn_test_literal.dms
		testcases\fn_test_literal_neg.dms = testcases\fn_test_literal_neg.dms
		testcases\fn_test_map.dms = testcases\fn_test_map.dms
		testcases\fn_test_mappart.dms = testcases\fn_test_mappart.dms
		testcases\fn_test_mappart_neg.dms = testcases\fn_test_mappart_neg.dms
		testcases\fn_test_membergen.dms = testcases\fn_test_membergen.dms
		testcases\fn_test_memnf_neg.dms = testcases\fn_test_memnf_neg.dms
		testcases\fn_test_metric.dms = testcases\fn_test_metric.dms
		testcases\fn_test_metric_neg.dms = testcases\fn_test_metric_neg.dms
		testcases\fn_test_network.dms = testcases\fn_test_network.dms
		testcases\fn_test_network_neg2.dms = testcases\fn_test_network_neg2.dms
		testcases\fn_test_network_neg3.dms = testcases\fn_test_network_neg3.dms
		testcases\fn_test_od_pareto.dms = testcases\fn_test_od_pareto.dms
		testcases\fn_test_od_pareto_neg1.dms = testcases\fn_test_od_pareto_neg1.dms
		testcases\fn_test_od_pareto_neg2.dms = testcases\fn_test_od_pareto_neg2.dms
		testcases\fn_test_od_pareto_neg3.dms = testcases\fn_test_od_pareto_neg3.dms
		testcases\fn_test_od_startpoint.dms = testcases\fn_test_od_startpoint.dms
		testcases\fn_test_odmembers.dms = testcases\fn_test_odmembers.dms
		testcases\fn_test_odmembers_neg1.dms = testcases\fn_test_odmembers_neg1.dms
		testcases\fn_test_odmembers_neg2.dms = testcases\fn_test_odmembers_neg2.dms
		testcases\fn_test_opsig.dms = testcases\fn_test_opsig.dms
		testcases\fn_test_opsig_neg1.dms = testcases\fn_test_opsig_neg1.dms
		testcases\fn_test_opsig_neg2.dms = testcases\fn_test_opsig_neg2.dms
		testcases\fn_test_opsigA.dms = testcases\fn_test_opsigA.dms
		testcases\fn_test_opsigA_neg1.dms = testcases\fn_test_opsigA_neg1.dms
		testcases\fn_test_opsigB.dms = testcases\fn_test_opsigB.dms
		testcases\fn_test_opsigB_neg1.dms = testcases\fn_test_opsigB_neg1.dms
		testcases\fn_test_opsigB_neg2.dms = testcases\fn_test_opsigB_neg2.dms
		testcases\fn_test_opsigC.dms = testcases\fn_test_opsigC.dms
		testcases\fn_test_opsigC_neg1.dms = testcases\fn_test_opsigC_neg1.dms
		testcases\fn_test_opsigD.dms = testcases\fn_test_opsigD.dms
		testcases\fn_test_opsigD_neg1.dms = testcases\fn_test_opsigD_neg1.dms
		testcases\fn_test_opsigD_neg2.dms = testcases\fn_test_opsigD_neg2.dms
		testcases\fn_test_opsigE.dms = testcases\fn_test_opsigE.dms
		testcases\fn_test_opsigE_neg1.dms = testcases\fn_test_opsigE_neg1.dms
		testcases\fn_test_opsigF.dms = testcases\fn_test_opsigF.dms
		testcases\fn_test_opsigF_neg1.dms = testcases\fn_test_opsigF_neg1.dms
		testcases\fn_test_opsigF_neg2.dms = testcases\fn_test_opsigF_neg2.dms
		testcases\fn_test_opsigK13.dms = testcases\fn_test_opsigK13.dms
		testcases\fn_test_opsigK13_neg1.dms = testcases\fn_test_opsigK13_neg1.dms
		testcases\fn_test_opsigK13_neg2.dms = testcases\fn_test_opsigK13_neg2.dms
		testcases\fn_test_opsigK13_neg3.dms = testcases\fn_test_opsigK13_neg3.dms
		testcases\fn_test_opsigK13_stor.dms = testcases\fn_test_opsigK13_stor.dms
		testcases\fn_test_p1.dms = testcases\fn_test_p1.dms
		testcases\fn_test_p1_rec_neg.dms = testcases\fn_test_p1_rec_neg.dms
		testcases\fn_test_p2.dms = testcases\fn_test_p2.dms
		testcases\fn_test_p2_neg1.dms = testcases\fn_test_p2_neg1.dms
		testcases\fn_test_p2_neg2.dms = testcases\fn_test_p2_neg2.dms
		testcases\fn_test_p3.dms = testcases\fn_test_p3.dms
		testcases\fn_test_p3_neg.dms = testcases\fn_test_p3_neg.dms
		testcases\fn_test_pareto_optimal.dms = testcases\fn_test_pareto_optimal.dms
		testcases\fn_test_partial.dms = testcases\fn_test_partial.dms
		testcases\fn_test_partial_neg.dms = testcases\fn_test_partial_neg.dms
		testcases\fn_test_prelude.dms = testcases\fn_test_prelude.dms
		testcases\fn_test_prelude_neg.dms = testcases\fn_test_prelude_neg.dms
		testcases\fn_test_props.dms = testcases\fn_test_props.dms
		testcases\fn_test_props_neg1.dms = testcases\fn_test_props_neg1.dms
		testcases\fn_test_refine.dms = testcases\fn_test_refine.dms
		testcases\fn_test_refine_neg.dms = testcases\fn_test_refine_neg.dms
		testcases\fn_test_scope.dms = testcases\fn_test_scope.dms
		testcases\fn_test_scope_neg.dms = testcases\fn_test_scope_neg.dms
		testcases\fn_test_scopenest.dms = testcases\fn_test_scopenest.dms
		testcases\fn_test_selmeta.dms = testcases\fn_test_selmeta.dms
		testcases\fn_test_selmeta_neg.dms = testcases\fn_test_selmeta_neg.dms
		testcases\fn_test_shadow.dms = testcases\fn_test_shadow.dms
		testcases\fn_test_sig.dms = testcases\fn_test_sig.dms
		testcases\fn_test_sig_neg.dms = testcases\fn_test_sig_neg.dms
		testcases\fn_test_sigpath.dms = testcases\fn_test_sigpath.dms
		testcases\fn_test_sigpath_neg.dms = testcases\fn_test_sigpath_neg.dms
		testcases\fn_test_skeleton.dms = testcases\fn_test_skeleton.dms
		testcases\fn_test_skeleton_neg1.dms = testcases\fn_test_skeleton_neg1.dms
		testcases\fn_test_sort_index.dms = testcases\fn_test_sort_index.dms
		testcases\fn_test_structcontract.dms = testcases\fn_test_structcontract.dms
		testcases\fn_test_structcontract2.dms = testcases\fn_test_structcontract2.dms
		testcases\fn_test_structcontract2_neg1.dms = testcases\fn_test_structcontract2_neg1.dms
		testcases\fn_test_structcontract3.dms = testcases\fn_test_structcontract3.dms
		testcases\fn_test_structcontract3_neg1.dms = testcases\fn_test_structcontract3_neg1.dms
		testcases\fn_test_structmember.dms = testcases\fn_test_structmember.dms
		testcases\fn_test_structmember2.dms = testcases\fn_test_structmember2.dms
		testcases\fn_test_structmember3.dms = testcases\fn_test_structmember3.dms
		testcases\fn_test_structmember3_neg1.dms = testcases\fn_test_structmember3_neg1.dms
		testcases\fn_test_structmember3_neg2.dms = testcases\fn_test_structmember3_neg2.dms
		testcases\fn_test_structmember3_neg3.dms = testcases\fn_test_structmember3_neg3.dms
		testcases\fn_test_structmember3_neg4.dms = testcases\fn_test_structmember3_neg4.dms
		testcases\fn_test_structmember_neg1.dms = testcases\fn_test_structmember_neg1.dms
		testcases\fn_test_structmember_neg2.dms = testcases\fn_test_structmember_neg2.dms
		testcases\fn_test_subref.dms = testcases\fn_test_subref.dms
		testcases\fn_test_subref2.dms = testcases\fn_test_subref2.dms
		testcases\fn_test_subref_neg1.dms = testcases\fn_test_subref_neg1.dms
		testcases\fn_test_subref_neg2.dms = testcases\fn_test_subref_neg2.dms
		testcases\fn_test_subref_neg3.dms = testcases\fn_test_subref_neg3.dms
		testcases\fn_test_subref_neg4.dms = testcases\fn_test_subref_neg4.dms
		testcases\fn_test_subref_neg5.dms = testcases\fn_test_subref_neg5.dms
		testcases\fn_test_table_spec_nested_neg.dms = testcases\fn_test_table_spec_nested_neg.dms
		testcases\fn_test_unify.dms = testcases\fn_test_unify.dms
		testcases\fn_test_unify_neg1.dms = testcases\fn_test_unify_neg1.dms
		testcases\fn_test_unify_neg2.dms = testcases\fn_test_unify_neg2.dms
		testcases\fn_test_unify_neg3.dms = testcases\fn_test_unify_neg3.dms
		testcases\fn_test_unify_neg4.dms = testcases\fn_test_unify_neg4.dms
		testcases\fn_test_unitnode.dms = testcases\fn_test_unitnode.dms
		testcases\fn_test_unitnode_neg1.dms = testcases\fn_test_unitnode_neg1.dms
		testcases\fn_test_unitnode_neg2.dms = testcases\fn_test_unitnode_neg2.dms
		testcases\fn_test_unitpow.dms = testcases\fn_test_unitpow.dms
		testcases\fn_test_variadic.dms = testcases\fn_test_variadic.dms
		testcases\fn_test_variadic2.dms = testcases\fn_test_variadic2.dms
		testcases\fn_test_variadic_neg1.dms = testcases\fn_test_variadic_neg1.dms
		testcases\fn_test_variadic_neg2.dms = testcases\fn_test_variadic_neg2.dms
		testcases\fn_test_variant.dms = testcases\fn_test_variant.dms
		testcases\fn_test_variant2.dms = testcases\fn_test_variant2.dms
		testcases\fn_test_variant2_neg.dms = testcases\fn_test_variant2_neg.dms
		testcases\fn_test_variant_neg.dms = testcases\fn_test_variant_neg.dms
		testcases\fn_test_vurt.dms = testcases\fn_test_vurt.dms
		testcases\fn_test_vv.dms = testcases\fn_test_vv.dms
		testcases\fn_test_vv4.dms = testcases\fn_test_vv4.dms
		testcases\fn_test_vv_neg1.dms = testcases\fn_test_vv_neg1.dms
		testcases\fn_test_vv_neg2.dms = testcases\fn_test_vv_neg2.dms
		testcases\fn_test_vv_neg3.dms = testcases\fn_test_vv_neg3.dms
		testcases\fn_test_wp45t3.dms = testcases\fn_test_wp45t3.dms
		testcases\fnrun_itemmap.txt = testcases\fnrun_itemmap.txt
		testcases\icheck_payload.txt = testcases\icheck_payload.txt
		testcases\impspec.txt = testcases\impspec.txt
		testcases\indirect_cycle_neg.dms = testcases\indirect_cycle_neg.dms
		testcases\issue_298.dms = testcases\issue_298.dms
		testcases\oper_area_unary.dms = testcases\oper_area_unary.dms
		testcases\oper_calc_and_write.dms = testcases\oper_calc_and_write.dms
		testcases\oper_classify_counts.dms = testcases\oper_classify_counts.dms
		testcases\oper_collect_downstream.dms = testcases\oper_collect_downstream.dms
		testcases\oper_district.dms = testcases\oper_district.dms
		testcases\oper_district_neg.dms = testcases\oper_district_neg.dms
		testcases\oper_dms_crossings.dms = testcases\oper_dms_crossings.dms
		testcases\oper_dms_family.dms = testcases\oper_dms_family.dms
		testcases\oper_dms_overlay.dms = testcases\oper_dms_overlay.dms
		testcases\oper_dms_overlay_neg1.dms = testcases\oper_dms_overlay_neg1.dms
		testcases\oper_dms_overlay_neg2.dms = testcases\oper_dms_overlay_neg2.dms
		testcases\oper_dms_overlay_neg3.dms = testcases\oper_dms_overlay_neg3.dms
		testcases\oper_dms_overlay_neg4.dms = testcases\oper_dms_overlay_neg4.dms
		testcases\oper_dms_overlay_neg5.dms = testcases\oper_dms_overlay_neg5.dms
		testcases\oper_dms_overlay_topology.dms = testcases\oper_dms_overlay_topology.dms
		testcases\oper_dms_overlay_types.dms = testcases\oper_dms_overlay_types.dms
		testcases\oper_dms_single_ring.dms = testcases\oper_dms_single_ring.dms
		testcases\oper_dms_union_counts.dms = testcases\oper_dms_union_counts.dms
		testcases\oper_dms_union_steep.dms = testcases\oper_dms_union_steep.dms
		testcases\oper_explicit_suppliers_phasecontainer.dms = testcases\oper_explicit_suppliers_phasecontainer.dms
		testcases\oper_explicit_suppliers_propvalues.dms = testcases\oper_explicit_suppliers_propvalues.dms
		testcases\oper_explicit_suppliers_propvalues_neg1.dms = testcases\oper_explicit_suppliers_propvalues_neg1.dms
		testcases\oper_iif_composition.dms = testcases\oper_iif_composition.dms
		testcases\oper_minkowski.dms = testcases\oper_minkowski.dms
		testcases\oper_minkowski_neg1.dms = testcases\oper_minkowski_neg1.dms
		testcases\oper_minkowski_neg2.dms = testcases\oper_minkowski_neg2.dms
		testcases\oper_minkowski_neg3.dms = testcases\oper_minkowski_neg3.dms
		testcases\oper_minkowski_neg4.dms = testcases\oper_minkowski_neg4.dms
		testcases\oper_minmax_nulls.dms = testcases\oper_minmax_nulls.dms
		testcases\oper_modus_count.dms = testcases\oper_modus_count.dms
		testcases\oper_ordered_union_data.dms = testcases\oper_ordered_union_data.dms
		testcases\oper_ordered_union_data_neg1.dms = testcases\oper_ordered_union_data_neg1.dms
		testcases\oper_ordered_union_data_neg2.dms = testcases\oper_ordered_union_data_neg2.dms
		testcases\oper_ordered_union_data_neg3.dms = testcases\oper_ordered_union_data_neg3.dms
		testcases\oper_phasecontainer.dms = testcases\oper_phasecontainer.dms
		testcases\oper_phasecontainer_indirect_neg.dms = testcases\oper_phasecontainer_indirect_neg.dms
		testcases\oper_potential.dms = testcases\oper_potential.dms
		testcases\oper_split_polygon_tiled.dms = testcases\oper_split_polygon_tiled.dms
		testcases\oper_table_spec.dms = testcases\oper_table_spec.dms
		testcases\oper_table_spec_neg.dms = testcases\oper_table_spec_neg.dms
		testcases\prelude_coverage.dms = testcases\prelude_coverage.dms
		testcases\range_spelling.dms = testcases\range_spelling.dms
		testcases\read_polygons.geojson = testcases\read_polygons.geojson
		testcases\read_relation.csv = testcases\read_relation.csv
		testcases\read_table.csv = testcases\read_table.csv
		testcases\run_roundtrip.bat = testcases\run_roundtrip.bat
		testcases\run_roundtrip.ps1 = testcases\run_roundtrip.ps1
		testcases\run_statistics_ok.dms = testcases\run_statistics_ok.dms
		testcases\run_statistics_own_neg.dms = testcases\run_statistics_own_neg.dms
		testcases\run_statistics_supplier_neg.dms = testcases\run_statistics_supplier_neg.dms
		testcases\run_testcases.bat = testcases\run_testcases.bat
		testcases\run_testcases.ps1 = testcases\run_testcases.ps1
		testcases\run_valueinfo_ok.dms = testcases\run_valueinfo_ok.dms
		testcases\run_valueinfo_supplier_neg.dms = testcases\run_valueinfo_supplier_neg.dms
		testcases\run_xml_roundtrip.bat = testcases\run_xml_roundtrip.bat
		testcases\run_xml_roundtrip.ps1 = testcases\run_xml_roundtrip.ps1
		testcases\shipped_example_convex_hull.dms = testcases\shipped_example_convex_hull.dms
		testcases\shipped_example_function.dms = testcases\shipped_example_function.dms
		testcases\shipped_example_grid_to_polygon.dms = testcases\shipped_example_grid_to_polygon.dms
		testcases\shipped_library_basedata_nl.dms = testcases\shipped_library_basedata_nl.dms
		testcases\shipped_library_grid2poly.dms = testcases\shipped_library_grid2poly.dms
		testcases\shipped_library_units.dms = testcases\shipped_library_units.dms
		testcases\stor_dbf_1_write.dms = testcases\stor_dbf_1_write.dms
		testcases\stor_dbf_2_read.dms = testcases\stor_dbf_2_read.dms
		testcases\stor_fss_1_write.dms = testcases\stor_fss_1_write.dms
		testcases\stor_fss_2_read.dms = testcases\stor_fss_2_read.dms
		testcases\stor_fss_gen_1_write.dms = testcases\stor_fss_gen_1_write.dms
		testcases\stor_fss_gen_2_read.dms = testcases\stor_fss_gen_2_read.dms
		testcases\stor_gdalgrid_u8_sf.dms = testcases\stor_gdalgrid_u8_sf.dms
		testcases\stor_gdalwrite_geom_name.dms = testcases\stor_gdalwrite_geom_name.dms
		testcases\stor_gdalwrite_geom_name_read.dms = testcases\stor_gdalwrite_geom_name_read.dms
		testcases\stor_gdalwrite_sibling_dep.dms = testcases\stor_gdalwrite_sibling_dep.dms
		testcases\stor_gdalwrite_sibling_sup.dms = testcases\stor_gdalwrite_sibling_sup.dms
		testcases\stor_gpkg_1_write.dms = testcases\stor_gpkg_1_write.dms
		testcases\stor_gpkg_2_read.dms = testcases\stor_gpkg_2_read.dms
		testcases\stor_mmd_alias_1_write.dms = testcases\stor_mmd_alias_1_write.dms
		testcases\stor_mmd_alias_2_read.dms = testcases\stor_mmd_alias_2_read.dms
		testcases\stor_mmd_disablestorage_neg1.dms = testcases\stor_mmd_disablestorage_neg1.dms
		testcases\stor_mmd_disablestorage_neg2.dms = testcases\stor_mmd_disablestorage_neg2.dms
		testcases\stor_mmd_empty_1_write.dms = testcases\stor_mmd_empty_1_write.dms
		testcases\stor_mmd_empty_2_read.dms = testcases\stor_mmd_empty_2_read.dms
		testcases\stor_mmd_group_1_write.dms = testcases\stor_mmd_group_1_write.dms
		testcases\stor_mmd_group_2_read.dms = testcases\stor_mmd_group_2_read.dms
		testcases\stor_mmd_icheck_neg.dms = testcases\stor_mmd_icheck_neg.dms
		testcases\stor_mmd_missing_neg1.dms = testcases\stor_mmd_missing_neg1.dms
		testcases\stor_mmd_missing_neg2.dms = testcases\stor_mmd_missing_neg2.dms
		testcases\stor_mmd_props_1_write.dms = testcases\stor_mmd_props_1_write.dms
		testcases\stor_mmd_props_2_read.dms = testcases\stor_mmd_props_2_read.dms
		testcases\stor_mmd_rule_1_write.dms = testcases\stor_mmd_rule_1_write.dms
		testcases\stor_mmd_rule_2_read.dms = testcases\stor_mmd_rule_2_read.dms
		testcases\stor_mmd_tiling_1_write.dms = testcases\stor_mmd_tiling_1_write.dms
		testcases\stor_mmd_tiling_2_read.dms = testcases\stor_mmd_tiling_2_read.dms
		testcases\stor_read_composition.dms = testcases\stor_read_composition.dms
		testcases\stor_read_container_attr.dms = testcases\stor_read_container_attr.dms
		testcases\stor_read_domain_only.dms = testcases\stor_read_domain_only.dms
		testcases\stor_read_explicit_supplier.dms = testcases\stor_read_explicit_supplier.dms
		testcases\stor_read_icheck_holder.dms = testcases\stor_read_icheck_holder.dms
		testcases\stor_read_nested_attr.dms = testcases\stor_read_nested_attr.dms
		testcases\stor_read_phase_member.dms = testcases\stor_read_phase_member.dms
		testcases\stor_read_rw_no_writeback_1_write.dms = testcases\stor_read_rw_no_writeback_1_write.dms
		testcases\stor_read_rw_no_writeback_2.dms = testcases\stor_read_rw_no_writeback_2.dms
		testcases\stor_read_rw_no_writeback_3_check.dms = testcases\stor_read_rw_no_writeback_3_check.dms
		testcases\stor_read_self_relation.dms = testcases\stor_read_self_relation.dms
		testcases\stor_read_shared_table.dms = testcases\stor_read_shared_table.dms
		testcases\stor_read_table_all.dms = testcases\stor_read_table_all.dms
		testcases\stor_read_table_selective.dms = testcases\stor_read_table_selective.dms
		testcases\stor_shp_arc2.dms = testcases\stor_shp_arc2.dms
		testcases\stor_shp_arc2_stale_neg.dms = testcases\stor_shp_arc2_stale_neg.dms
		testcases\stor_shp_pts3.dms = testcases\stor_shp_pts3.dms
		testcases\stor_shp_pts3_stale_neg.dms = testcases\stor_shp_pts3_stale_neg.dms
		testcases\stor_shp_ringclose_1_write.dms = testcases\stor_shp_ringclose_1_write.dms
		testcases\stor_shp_ringclose_2_read.dms = testcases\stor_shp_ringclose_2_read.dms
		testcases\stor_strfiles_read.dms = testcases\stor_strfiles_read.dms
		testcases\stor_tif_1bit_nobps.dms = testcases\stor_tif_1bit_nobps.dms
		testcases\stor_tif_bare_domain.dms = testcases\stor_tif_bare_domain.dms
		testcases\stor_tif_f32_nosf.dms = testcases\stor_tif_f32_nosf.dms
		testcases\stor_tif_i16_nosf.dms = testcases\stor_tif_i16_nosf.dms
		testcases\stor_tif_other_domain.dms = testcases\stor_tif_other_domain.dms
		testcases\stor_tif_u8_nosf_mismatch_neg.dms = testcases\stor_tif_u8_nosf_mismatch_neg.dms
		testcases\stor_tif_u8_nosf_norps.dms = testcases\stor_tif_u8_nosf_norps.dms
		testcases\stor_tif_u8_rotated.dms = testcases\stor_tif_u8_rotated.dms
		testcases\stor_tif_u8_sf.dms = testcases\stor_tif_u8_sf.dms
		testcases\stor_tif_u8_truncated.dms = testcases\stor_tif_u8_truncated.dms
		testcases\tmpl_disablestorage_arg.dms = testcases\tmpl_disablestorage_arg.dms
		testcases\tmpl_regress.dms = testcases\tmpl_regress.dms
		testcases\xml_close_attr_neg.dms = testcases\xml_close_attr_neg.dms
		testcases\xml_close_mismatch_neg.dms = testcases\xml_close_mismatch_neg.dms
		testcases\xml_comment.dms = testcases\xml_comment.dms
		testcases\xml_comment_open_neg.dms = testcases\xml_comment_open_neg.dms
		testcases\xml_compact.dms = testcases\xml_compact.dms
		testcases\xml_entity.dms = testcases\xml_entity.dms
		testcases\xml_entity_eof_neg.dms = testcases\xml_entity_eof_neg.dms
		testcases\xml_entity_long_neg.dms = testcases\xml_entity_long_neg.dms
		testcases\xml_entity_text.dms = testcases\xml_entity_text.dms
		testcases\xml_no_header_neg.dms = testcases\xml_no_header_neg.dms
		testcases\xml_prop_construction_neg.dms = testcases\xml_prop_construction_neg.dms
		testcases\xml_roundtrip.dms = testcases\xml_roundtrip.dms
		testcases\xml_roundtrip_known_diff.txt = testcases\xml_roundtrip_known_diff.txt
		testcases\xml_unpaired_neg.dms = testcases\xml_unpaired_neg.dms
	EndProjectSection
EndProject
Project("{2150E333-8FDC-42A3-9474-1A3956D46DE8}") = "data", "data", "{A5FE2FB2-7810-4EC5-A07D-60138E977FDA}"
	ProjectSection(SolutionItems) = preProject
		testcases\data\make_fixtures.py = testcases\data\make_fixtures.py
		testcases\data\xml_close_attr.xml = testcases\data\xml_close_attr.xml
		testcases\data\xml_close_mismatch.xml = testcases\data\xml_close_mismatch.xml
		testcases\data\xml_comment.xml = testcases\data\xml_comment.xml
		testcases\data\xml_comment_open.xml = testcases\data\xml_comment_open.xml
		testcases\data\xml_compact.xml = testcases\data\xml_compact.xml
		testcases\data\xml_entity.xml = testcases\data\xml_entity.xml
		testcases\data\xml_entity_eof.xml = testcases\data\xml_entity_eof.xml
		testcases\data\xml_entity_long.xml = testcases\data\xml_entity_long.xml
		testcases\data\xml_entity_text.xml = testcases\data\xml_entity_text.xml
		testcases\data\xml_no_header.xml = testcases\data\xml_no_header.xml
		testcases\data\xml_prop_construction.xml = testcases\data\xml_prop_construction.xml
		testcases\data\xml_roundtrip.xml = testcases\data\xml_roundtrip.xml
		testcases\data\xml_roundtrip_source.dms = testcases\data\xml_roundtrip_source.dms
		testcases\data\xml_unpaired.xml = testcases\data\xml_unpaired.xml
	EndProjectSection
EndProject
Project("{2150E333-8FDC-42A3-9474-1A3956D46DE8}") = "build and test scripts", "build and test scripts", "{FDCB5CD2-9278-4AC8-B46C-1C9EC43FB32D}"
	ProjectSection(SolutionItems) = preProject
		Build.bat = Build.bat
		batch\BuildSignAndCreateSetup.bat = batch\BuildSignAndCreateSetup.bat
		batch\BuildSignAndCreateSetupCmake.bat = batch\BuildSignAndCreateSetupCmake.bat
		batch\BuildSignAndCreateSetupLinux.bat = batch\BuildSignAndCreateSetupLinux.bat
		batch\RunGUITests.bat = batch\RunGUITests.bat
		RunLinuxGUITests.sh = RunLinuxGUITests.sh
		batch\run_unit.bat = batch\run_unit.bat
		batch\TestCMakeDebugUnit.bat = batch\TestCMakeDebugUnit.bat
		batch\TestCMakeReleaseUnit.bat = batch\TestCMakeReleaseUnit.bat
		batch\TestDebugUnit.bat = batch\TestDebugUnit.bat
		TestLinuxDebugUnit.sh = TestLinuxDebugUnit.sh
		TestLinuxReleaseUnit.sh = TestLinuxReleaseUnit.sh
		batch\TestReleaseUnit.bat = batch\TestReleaseUnit.bat
	EndProjectSection
EndProject
Global
	GlobalSection(SolutionConfigurationPlatforms) = preSolution
		Debug|Any CPU = Debug|Any CPU
		Debug|ARM = Debug|ARM
		Debug|ARM64 = Debug|ARM64
		Debug|Win32 = Debug|Win32
		Debug|x64 = Debug|x64
		Release|Any CPU = Release|Any CPU
		Release|ARM = Release|ARM
		Release|ARM64 = Release|ARM64
		Release|Win32 = Release|Win32
		Release|x64 = Release|x64
	EndGlobalSection
	GlobalSection(ProjectConfigurationPlatforms) = postSolution
		{F1F7B558-CE16-4452-A876-EADB679A4463}.Debug|Any CPU.ActiveCfg = Debug|x64
		{F1F7B558-CE16-4452-A876-EADB679A4463}.Debug|Any CPU.Build.0 = Debug|x64
		{F1F7B558-CE16-4452-A876-EADB679A4463}.Debug|ARM.ActiveCfg = Debug|x64
		{F1F7B558-CE16-4452-A876-EADB679A4463}.Debug|ARM.Build.0 = Debug|x64
		{F1F7B558-CE16-4452-A876-EADB679A4463}.Debug|ARM64.ActiveCfg = Debug|x64
		{F1F7B558-CE16-4452-A876-EADB679A4463}.Debug|ARM64.Build.0 = Debug|x64
		{F1F7B558-CE16-4452-A876-EADB679A4463}.Debug|Win32.ActiveCfg = Debug|Win32
		{F1F7B558-CE16-4452-A876-EADB679A4463}.Debug|Win32.Build.0 = Debug|Win32
		{F1F7B558-CE16-4452-A876-EADB679A4463}.Debug|x64.ActiveCfg = Debug|x64
		{F1F7B558-CE16-4452-A876-EADB679A4463}.Debug|x64.Build.0 = Debug|x64
		{F1F7B558-CE16-4452-A876-EADB679A4463}.Release|Any CPU.ActiveCfg = Release|x64
		{F1F7B558-CE16-4452-A876-EADB679A4463}.Release|Any CPU.Build.0 = Release|x64
		{F1F7B558-CE16-4452-A876-EADB679A4463}.Release|ARM.ActiveCfg = Release|x64
		{F1F7B558-CE16-4452-A876-EADB679A4463}.Release|ARM.Build.0 = Release|x64
		{F1F7B558-CE16-4452-A876-EADB679A4463}.Release|ARM64.ActiveCfg = Release|x64
		{F1F7B558-CE16-4452-A876-EADB679A4463}.Release|ARM64.Build.0 = Release|x64
		{F1F7B558-CE16-4452-A876-EADB679A4463}.Release|Win32.ActiveCfg = Release|Win32
		{F1F7B558-CE16-4452-A876-EADB679A4463}.Release|Win32.Build.0 = Release|Win32
		{F1F7B558-CE16-4452-A876-EADB679A4463}.Release|x64.ActiveCfg = Release|x64
		{F1F7B558-CE16-4452-A876-EADB679A4463}.Release|x64.Build.0 = Release|x64
		{F77FAD2B-615A-47D7-AE87-A6F996D63C12}.Debug|Any CPU.ActiveCfg = Debug|x64
		{F77FAD2B-615A-47D7-AE87-A6F996D63C12}.Debug|Any CPU.Build.0 = Debug|x64
		{F77FAD2B-615A-47D7-AE87-A6F996D63C12}.Debug|ARM.ActiveCfg = Debug|x64
		{F77FAD2B-615A-47D7-AE87-A6F996D63C12}.Debug|ARM.Build.0 = Debug|x64
		{F77FAD2B-615A-47D7-AE87-A6F996D63C12}.Debug|ARM64.ActiveCfg = Debug|x64
		{F77FAD2B-615A-47D7-AE87-A6F996D63C12}.Debug|ARM64.Build.0 = Debug|x64
		{F77FAD2B-615A-47D7-AE87-A6F996D63C12}.Debug|Win32.ActiveCfg = Debug|Win32
		{F77FAD2B-615A-47D7-AE87-A6F996D63C12}.Debug|Win32.Build.0 = Debug|Win32
		{F77FAD2B-615A-47D7-AE87-A6F996D63C12}.Debug|x64.ActiveCfg = Debug|x64
		{F77FAD2B-615A-47D7-AE87-A6F996D63C12}.Debug|x64.Build.0 = Debug|x64
		{F77FAD2B-615A-47D7-AE87-A6F996D63C12}.Release|Any CPU.ActiveCfg = Release|x64
		{F77FAD2B-615A-47D7-AE87-A6F996D63C12}.Release|Any CPU.Build.0 = Release|x64
		{F77FAD2B-615A-47D7-AE87-A6F996D63C12}.Release|ARM.ActiveCfg = Release|x64
		{F77FAD2B-615A-47D7-AE87-A6F996D63C12}.Release|ARM.Build.0 = Release|x64
		{F77FAD2B-615A-47D7-AE87-A6F996D63C12}.Release|ARM64.ActiveCfg = Release|x64
		{F77FAD2B-615A-47D7-AE87-A6F996D63C12}.Release|ARM64.Build.0 = Release|x64
		{F77FAD2B-615A-47D7-AE87-A6F996D63C12}.Release|Win32.ActiveCfg = Release|Win32
		{F77FAD2B-615A-47D7-AE87-A6F996D63C12}.Release|Win32.Build.0 = Release|Win32
		{F77FAD2B-615A-47D7-AE87-A6F996D63C12}.Release|x64.ActiveCfg = Release|x64
		{F77FAD2B-615A-47D7-AE87-A6F996D63C12}.Release|x64.Build.0 = Release|x64
		{DF25D3CA-DD28-4F0D-870A-09B12EADCB2E}.Debug|Any CPU.ActiveCfg = Debug|x64
		{DF25D3CA-DD28-4F0D-870A-09B12EADCB2E}.Debug|Any CPU.Build.0 = Debug|x64
		{DF25D3CA-DD28-4F0D-870A-09B12EADCB2E}.Debug|ARM.ActiveCfg = Debug|x64
		{DF25D3CA-DD28-4F0D-870A-09B12EADCB2E}.Debug|ARM.Build.0 = Debug|x64
		{DF25D3CA-DD28-4F0D-870A-09B12EADCB2E}.Debug|ARM64.ActiveCfg = Debug|x64
		{DF25D3CA-DD28-4F0D-870A-09B12EADCB2E}.Debug|ARM64.Build.0 = Debug|x64
		{DF25D3CA-DD28-4F0D-870A-09B12EADCB2E}.Debug|Win32.ActiveCfg = Debug|Win32
		{DF25D3CA-DD28-4F0D-870A-09B12EADCB2E}.Debug|Win32.Build.0 = Debug|Win32
		{DF25D3CA-DD28-4F0D-870A-09B12EADCB2E}.Debug|x64.ActiveCfg = Debug|x64
		{DF25D3CA-DD28-4F0D-870A-09B12EADCB2E}.Debug|x64.Build.0 = Debug|x64
		{DF25D3CA-DD28-4F0D-870A-09B12EADCB2E}.Release|Any CPU.ActiveCfg = Release|x64
		{DF25D3CA-DD28-4F0D-870A-09B12EADCB2E}.Release|Any CPU.Build.0 = Release|x64
		{DF25D3CA-DD28-4F0D-870A-09B12EADCB2E}.Release|ARM.ActiveCfg = Release|x64
		{DF25D3CA-DD28-4F0D-870A-09B12EADCB2E}.Release|ARM.Build.0 = Release|x64
		{DF25D3CA-DD28-4F0D-870A-09B12EADCB2E}.Release|ARM64.ActiveCfg = Release|x64
		{DF25D3CA-DD28-4F0D-870A-09B12EADCB2E}.Release|ARM64.Build.0 = Release|x64
		{DF25D3CA-DD28-4F0D-870A-09B12EADCB2E}.Release|Win32.ActiveCfg = Release|Win32
		{DF25D3CA-DD28-4F0D-870A-09B12EADCB2E}.Release|Win32.Build.0 = Release|Win32
		{DF25D3CA-DD28-4F0D-870A-09B12EADCB2E}.Release|x64.ActiveCfg = Release|x64
		{DF25D3CA-DD28-4F0D-870A-09B12EADCB2E}.Release|x64.Build.0 = Release|x64
		{BA9FD377-1EE3-45AA-8A7B-2AC7BE68E989}.Debug|Any CPU.ActiveCfg = Debug|x64
		{BA9FD377-1EE3-45AA-8A7B-2AC7BE68E989}.Debug|Any CPU.Build.0 = Debug|x64
		{BA9FD377-1EE3-45AA-8A7B-2AC7BE68E989}.Debug|ARM.ActiveCfg = Debug|x64
		{BA9FD377-1EE3-45AA-8A7B-2AC7BE68E989}.Debug|ARM.Build.0 = Debug|x64
		{BA9FD377-1EE3-45AA-8A7B-2AC7BE68E989}.Debug|ARM64.ActiveCfg = Debug|x64
		{BA9FD377-1EE3-45AA-8A7B-2AC7BE68E989}.Debug|ARM64.Build.0 = Debug|x64
		{BA9FD377-1EE3-45AA-8A7B-2AC7BE68E989}.Debug|Win32.ActiveCfg = Debug|Win32
		{BA9FD377-1EE3-45AA-8A7B-2AC7BE68E989}.Debug|Win32.Build.0 = Debug|Win32
		{BA9FD377-1EE3-45AA-8A7B-2AC7BE68E989}.Debug|x64.ActiveCfg = Debug|x64
		{BA9FD377-1EE3-45AA-8A7B-2AC7BE68E989}.Debug|x64.Build.0 = Debug|x64
		{BA9FD377-1EE3-45AA-8A7B-2AC7BE68E989}.Release|Any CPU.ActiveCfg = Release|x64
		{BA9FD377-1EE3-45AA-8A7B-2AC7BE68E989}.Release|Any CPU.Build.0 = Release|x64
		{BA9FD377-1EE3-45AA-8A7B-2AC7BE68E989}.Release|ARM.ActiveCfg = Release|x64
		{BA9FD377-1EE3-45AA-8A7B-2AC7BE68E989}.Release|ARM.Build.0 = Release|x64
		{BA9FD377-1EE3-45AA-8A7B-2AC7BE68E989}.Release|ARM64.ActiveCfg = Release|x64
		{BA9FD377-1EE3-45AA-8A7B-2AC7BE68E989}.Release|ARM64.Build.0 = Release|x64
		{BA9FD377-1EE3-45AA-8A7B-2AC7BE68E989}.Release|Win32.ActiveCfg = Release|Win32
		{BA9FD377-1EE3-45AA-8A7B-2AC7BE68E989}.Release|Win32.Build.0 = Release|Win32
		{BA9FD377-1EE3-45AA-8A7B-2AC7BE68E989}.Release|x64.ActiveCfg = Release|x64
		{BA9FD377-1EE3-45AA-8A7B-2AC7BE68E989}.Release|x64.Build.0 = Release|x64
		{2D7A02E2-FAF5-4B89-8175-BFE0A4FC97FF}.Debug|Any CPU.ActiveCfg = Debug|x64
		{2D7A02E2-FAF5-4B89-8175-BFE0A4FC97FF}.Debug|Any CPU.Build.0 = Debug|x64
		{2D7A02E2-FAF5-4B89-8175-BFE0A4FC97FF}.Debug|ARM.ActiveCfg = Debug|x64
		{2D7A02E2-FAF5-4B89-8175-BFE0A4FC97FF}.Debug|ARM.Build.0 = Debug|x64
		{2D7A02E2-FAF5-4B89-8175-BFE0A4FC97FF}.Debug|ARM64.ActiveCfg = Debug|x64
		{2D7A02E2-FAF5-4B89-8175-BFE0A4FC97FF}.Debug|ARM64.Build.0 = Debug|x64
		{2D7A02E2-FAF5-4B89-8175-BFE0A4FC97FF}.Debug|Win32.ActiveCfg = Debug|Win32
		{2D7A02E2-FAF5-4B89-8175-BFE0A4FC97FF}.Debug|Win32.Build.0 = Debug|Win32
		{2D7A02E2-FAF5-4B89-8175-BFE0A4FC97FF}.Debug|x64.ActiveCfg = Debug|x64
		{2D7A02E2-FAF5-4B89-8175-BFE0A4FC97FF}.Debug|x64.Build.0 = Debug|x64
		{2D7A02E2-FAF5-4B89-8175-BFE0A4FC97FF}.Release|Any CPU.ActiveCfg = Release|x64
		{2D7A02E2-FAF5-4B89-8175-BFE0A4FC97FF}.Release|Any CPU.Build.0 = Release|x64
		{2D7A02E2-FAF5-4B89-8175-BFE0A4FC97FF}.Release|ARM.ActiveCfg = Release|x64
		{2D7A02E2-FAF5-4B89-8175-BFE0A4FC97FF}.Release|ARM.Build.0 = Release|x64
		{2D7A02E2-FAF5-4B89-8175-BFE0A4FC97FF}.Release|ARM64.ActiveCfg = Release|x64
		{2D7A02E2-FAF5-4B89-8175-BFE0A4FC97FF}.Release|ARM64.Build.0 = Release|x64
		{2D7A02E2-FAF5-4B89-8175-BFE0A4FC97FF}.Release|Win32.ActiveCfg = Release|Win32
		{2D7A02E2-FAF5-4B89-8175-BFE0A4FC97FF}.Release|Win32.Build.0 = Release|Win32
		{2D7A02E2-FAF5-4B89-8175-BFE0A4FC97FF}.Release|x64.ActiveCfg = Release|x64
		{2D7A02E2-FAF5-4B89-8175-BFE0A4FC97FF}.Release|x64.Build.0 = Release|x64
		{C0C75A4B-DD01-4272-8FB5-3A242DA125BA}.Debug|Any CPU.ActiveCfg = Debug|x64
		{C0C75A4B-DD01-4272-8FB5-3A242DA125BA}.Debug|Any CPU.Build.0 = Debug|x64
		{C0C75A4B-DD01-4272-8FB5-3A242DA125BA}.Debug|ARM.ActiveCfg = Debug|x64
		{C0C75A4B-DD01-4272-8FB5-3A242DA125BA}.Debug|ARM.Build.0 = Debug|x64
		{C0C75A4B-DD01-4272-8FB5-3A242DA125BA}.Debug|ARM64.ActiveCfg = Debug|x64
		{C0C75A4B-DD01-4272-8FB5-3A242DA125BA}.Debug|ARM64.Build.0 = Debug|x64
		{C0C75A4B-DD01-4272-8FB5-3A242DA125BA}.Debug|Win32.ActiveCfg = Debug|Win32
		{C0C75A4B-DD01-4272-8FB5-3A242DA125BA}.Debug|Win32.Build.0 = Debug|Win32
		{C0C75A4B-DD01-4272-8FB5-3A242DA125BA}.Debug|x64.ActiveCfg = Debug|x64
		{C0C75A4B-DD01-4272-8FB5-3A242DA125BA}.Debug|x64.Build.0 = Debug|x64
		{C0C75A4B-DD01-4272-8FB5-3A242DA125BA}.Release|Any CPU.ActiveCfg = Release|x64
		{C0C75A4B-DD01-4272-8FB5-3A242DA125BA}.Release|Any CPU.Build.0 = Release|x64
		{C0C75A4B-DD01-4272-8FB5-3A242DA125BA}.Release|ARM.ActiveCfg = Release|x64
		{C0C75A4B-DD01-4272-8FB5-3A242DA125BA}.Release|ARM.Build.0 = Release|x64
		{C0C75A4B-DD01-4272-8FB5-3A242DA125BA}.Release|ARM64.ActiveCfg = Release|x64
		{C0C75A4B-DD01-4272-8FB5-3A242DA125BA}.Release|ARM64.Build.0 = Release|x64
		{C0C75A4B-DD01-4272-8FB5-3A242DA125BA}.Release|Win32.ActiveCfg = Release|Win32
		{C0C75A4B-DD01-4272-8FB5-3A242DA125BA}.Release|Win32.Build.0 = Release|Win32
		{C0C75A4B-DD01-4272-8FB5-3A242DA125BA}.Release|x64.ActiveCfg = Release|x64
		{C0C75A4B-DD01-4272-8FB5-3A242DA125BA}.Release|x64.Build.0 = Release|x64
		{41DD88B1-2F24-45AA-9CBB-4318F97BBC22}.Debug|Any CPU.ActiveCfg = Debug|x64
		{41DD88B1-2F24-45AA-9CBB-4318F97BBC22}.Debug|Any CPU.Build.0 = Debug|x64
		{41DD88B1-2F24-45AA-9CBB-4318F97BBC22}.Debug|ARM.ActiveCfg = Debug|x64
		{41DD88B1-2F24-45AA-9CBB-4318F97BBC22}.Debug|ARM.Build.0 = Debug|x64
		{41DD88B1-2F24-45AA-9CBB-4318F97BBC22}.Debug|ARM64.ActiveCfg = Debug|x64
		{41DD88B1-2F24-45AA-9CBB-4318F97BBC22}.Debug|ARM64.Build.0 = Debug|x64
		{41DD88B1-2F24-45AA-9CBB-4318F97BBC22}.Debug|Win32.ActiveCfg = Debug|Win32
		{41DD88B1-2F24-45AA-9CBB-4318F97BBC22}.Debug|Win32.Build.0 = Debug|Win32
		{41DD88B1-2F24-45AA-9CBB-4318F97BBC22}.Debug|x64.ActiveCfg = Debug|x64
		{41DD88B1-2F24-45AA-9CBB-4318F97BBC22}.Debug|x64.Build.0 = Debug|x64
		{41DD88B1-2F24-45AA-9CBB-4318F97BBC22}.Release|Any CPU.ActiveCfg = Release|x64
		{41DD88B1-2F24-45AA-9CBB-4318F97BBC22}.Release|Any CPU.Build.0 = Release|x64
		{41DD88B1-2F24-45AA-9CBB-4318F97BBC22}.Release|ARM.ActiveCfg = Release|x64
		{41DD88B1-2F24-45AA-9CBB-4318F97BBC22}.Release|ARM.Build.0 = Release|x64
		{41DD88B1-2F24-45AA-9CBB-4318F97BBC22}.Release|ARM64.ActiveCfg = Release|x64
		{41DD88B1-2F24-45AA-9CBB-4318F97BBC22}.Release|ARM64.Build.0 = Release|x64
		{41DD88B1-2F24-45AA-9CBB-4318F97BBC22}.Release|Win32.ActiveCfg = Release|Win32
		{41DD88B1-2F24-45AA-9CBB-4318F97BBC22}.Release|Win32.Build.0 = Release|Win32
		{41DD88B1-2F24-45AA-9CBB-4318F97BBC22}.Release|x64.ActiveCfg = Release|x64
		{41DD88B1-2F24-45AA-9CBB-4318F97BBC22}.Release|x64.Build.0 = Release|x64
		{77EDB66F-676D-45ED-8421-044B2689D85A}.Debug|Any CPU.ActiveCfg = Debug|x64
		{77EDB66F-676D-45ED-8421-044B2689D85A}.Debug|Any CPU.Build.0 = Debug|x64
		{77EDB66F-676D-45ED-8421-044B2689D85A}.Debug|ARM.ActiveCfg = Debug|x64
		{77EDB66F-676D-45ED-8421-044B2689D85A}.Debug|ARM.Build.0 = Debug|x64
		{77EDB66F-676D-45ED-8421-044B2689D85A}.Debug|ARM64.ActiveCfg = Debug|x64
		{77EDB66F-676D-45ED-8421-044B2689D85A}.Debug|ARM64.Build.0 = Debug|x64
		{77EDB66F-676D-45ED-8421-044B2689D85A}.Debug|Win32.ActiveCfg = Debug|x64
		{77EDB66F-676D-45ED-8421-044B2689D85A}.Debug|Win32.Build.0 = Debug|x64
		{77EDB66F-676D-45ED-8421-044B2689D85A}.Debug|x64.ActiveCfg = Debug|x64
		{77EDB66F-676D-45ED-8421-044B2689D85A}.Debug|x64.Build.0 = Debug|x64
		{77EDB66F-676D-45ED-8421-044B2689D85A}.Release|Any CPU.ActiveCfg = Release|x64
		{77EDB66F-676D-45ED-8421-044B2689D85A}.Release|Any CPU.Build.0 = Release|x64
		{77EDB66F-676D-45ED-8421-044B2689D85A}.Release|ARM.ActiveCfg = Release|x64
		{77EDB66F-676D-45ED-8421-044B2689D85A}.Release|ARM.Build.0 = Release|x64
		{77EDB66F-676D-45ED-8421-044B2689D85A}.Release|ARM64.ActiveCfg = Release|x64
		{77EDB66F-676D-45ED-8421-044B2689D85A}.Release|ARM64.Build.0 = Release|x64
		{77EDB66F-676D-45ED-8421-044B2689D85A}.Release|Win32.ActiveCfg = Release|x64
		{77EDB66F-676D-45ED-8421-044B2689D85A}.Release|Win32.Build.0 = Release|x64
		{77EDB66F-676D-45ED-8421-044B2689D85A}.Release|x64.ActiveCfg = Release|x64
		{77EDB66F-676D-45ED-8421-044B2689D85A}.Release|x64.Build.0 = Release|x64
		{1139CF27-F48D-4B45-992F-0AD8EC1C1ADB}.Debug|Any CPU.ActiveCfg = Debug|x64
		{1139CF27-F48D-4B45-992F-0AD8EC1C1ADB}.Debug|Any CPU.Build.0 = Debug|x64
		{1139CF27-F48D-4B45-992F-0AD8EC1C1ADB}.Debug|ARM.ActiveCfg = Debug|x64
		{1139CF27-F48D-4B45-992F-0AD8EC1C1ADB}.Debug|ARM.Build.0 = Debug|x64
		{1139CF27-F48D-4B45-992F-0AD8EC1C1ADB}.Debug|ARM64.ActiveCfg = Debug|x64
		{1139CF27-F48D-4B45-992F-0AD8EC1C1ADB}.Debug|ARM64.Build.0 = Debug|x64
		{1139CF27-F48D-4B45-992F-0AD8EC1C1ADB}.Debug|Win32.ActiveCfg = Debug|Win32
		{1139CF27-F48D-4B45-992F-0AD8EC1C1ADB}.Debug|Win32.Build.0 = Debug|Win32
		{1139CF27-F48D-4B45-992F-0AD8EC1C1ADB}.Debug|x64.ActiveCfg = Debug|x64
		{1139CF27-F48D-4B45-992F-0AD8EC1C1ADB}.Debug|x64.Build.0 = Debug|x64
		{1139CF27-F48D-4B45-992F-0AD8EC1C1ADB}.Release|Any CPU.ActiveCfg = Release|x64
		{1139CF27-F48D-4B45-992F-0AD8EC1C1ADB}.Release|Any CPU.Build.0 = Release|x64
		{1139CF27-F48D-4B45-992F-0AD8EC1C1ADB}.Release|ARM.ActiveCfg = Release|x64
		{1139CF27-F48D-4B45-992F-0AD8EC1C1ADB}.Release|ARM.Build.0 = Release|x64
		{1139CF27-F48D-4B45-992F-0AD8EC1C1ADB}.Release|ARM64.ActiveCfg = Release|x64
		{1139CF27-F48D-4B45-992F-0AD8EC1C1ADB}.Release|ARM64.Build.0 = Release|x64
		{1139CF27-F48D-4B45-992F-0AD8EC1C1ADB}.Release|Win32.ActiveCfg = Release|Win32
		{1139CF27-F48D-4B45-992F-0AD8EC1C1ADB}.Release|Win32.Build.0 = Release|Win32
		{1139CF27-F48D-4B45-992F-0AD8EC1C1ADB}.Release|x64.ActiveCfg = Release|x64
		{1139CF27-F48D-4B45-992F-0AD8EC1C1ADB}.Release|x64.Build.0 = Release|x64
		{224917D7-29AA-49A2-9DD8-1B0305C92EFF}.Debug|Any CPU.ActiveCfg = Debug|Any CPU
		{224917D7-29AA-49A2-9DD8-1B0305C92EFF}.Debug|ARM.ActiveCfg = Debug|Any CPU
		{224917D7-29AA-49A2-9DD8-1B0305C92EFF}.Debug|ARM64.ActiveCfg = Debug|Any CPU
		{224917D7-29AA-49A2-9DD8-1B0305C92EFF}.Debug|Win32.ActiveCfg = Debug|Any CPU
		{224917D7-29AA-49A2-9DD8-1B0305C92EFF}.Debug|x64.ActiveCfg = Debug|Any CPU
		{224917D7-29AA-49A2-9DD8-1B0305C92EFF}.Release|Any CPU.ActiveCfg = Release|Any CPU
		{224917D7-29AA-49A2-9DD8-1B0305C92EFF}.Release|ARM.ActiveCfg = Release|Any CPU
		{224917D7-29AA-49A2-9DD8-1B0305C92EFF}.Release|ARM64.ActiveCfg = Release|Any CPU
		{224917D7-29AA-49A2-9DD8-1B0305C92EFF}.Release|Win32.ActiveCfg = Release|Any CPU
		{224917D7-29AA-49A2-9DD8-1B0305C92EFF}.Release|x64.ActiveCfg = Release|Any CPU
		{12ACDE31-1E1F-4E8A-AF9D-410CB09AA101}.Debug|Any CPU.ActiveCfg = Debug|x64
		{12ACDE31-1E1F-4E8A-AF9D-410CB09AA101}.Debug|Any CPU.Build.0 = Debug|x64
		{12ACDE31-1E1F-4E8A-AF9D-410CB09AA101}.Debug|Any CPU.Deploy.0 = Debug|x64
		{12ACDE31-1E1F-4E8A-AF9D-410CB09AA101}.Debug|ARM.ActiveCfg = Debug|ARM
		{12ACDE31-1E1F-4E8A-AF9D-410CB09AA101}.Debug|ARM.Build.0 = Debug|ARM
		{12ACDE31-1E1F-4E8A-AF9D-410CB09AA101}.Debug|ARM.Deploy.0 = Debug|ARM
		{12ACDE31-1E1F-4E8A-AF9D-410CB09AA101}.Debug|ARM64.ActiveCfg = Debug|ARM64
		{12ACDE31-1E1F-4E8A-AF9D-410CB09AA101}.Debug|ARM64.Build.0 = Debug|ARM64
		{12ACDE31-1E1F-4E8A-AF9D-410CB09AA101}.Debug|ARM64.Deploy.0 = Debug|ARM64
		{12ACDE31-1E1F-4E8A-AF9D-410CB09AA101}.Debug|Win32.ActiveCfg = Debug|x86
		{12ACDE31-1E1F-4E8A-AF9D-410CB09AA101}.Debug|Win32.Build.0 = Debug|x86
		{12ACDE31-1E1F-4E8A-AF9D-410CB09AA101}.Debug|Win32.Deploy.0 = Debug|x86
		{12ACDE31-1E1F-4E8A-AF9D-410CB09AA101}.Debug|x64.ActiveCfg = Debug|x64
		{12ACDE31-1E1F-4E8A-AF9D-410CB09AA101}.Debug|x64.Build.0 = Debug|x64
		{12ACDE31-1E1F-4E8A-AF9D-410CB09AA101}.Debug|x64.Deploy.0 = Debug|x64
		{12ACDE31-1E1F-4E8A-AF9D-410CB09AA101}.Release|Any CPU.ActiveCfg = Release|x64
		{12ACDE31-1E1F-4E8A-AF9D-410CB09AA101}.Release|Any CPU.Build.0 = Release|x64
		{12ACDE31-1E1F-4E8A-AF9D-410CB09AA101}.Release|Any CPU.Deploy.0 = Release|x64
		{12ACDE31-1E1F-4E8A-AF9D-410CB09AA101}.Release|ARM.ActiveCfg = Release|ARM
		{12ACDE31-1E1F-4E8A-AF9D-410CB09AA101}.Release|ARM.Build.0 = Release|ARM
		{12ACDE31-1E1F-4E8A-AF9D-410CB09AA101}.Release|ARM.Deploy.0 = Release|ARM
		{12ACDE31-1E1F-4E8A-AF9D-410CB09AA101}.Release|ARM64.ActiveCfg = Release|ARM64
		{12ACDE31-1E1F-4E8A-AF9D-410CB09AA101}.Release|ARM64.Build.0 = Release|ARM64
		{12ACDE31-1E1F-4E8A-AF9D-410CB09AA101}.Release|ARM64.Deploy.0 = Release|ARM64
		{12ACDE31-1E1F-4E8A-AF9D-410CB09AA101}.Release|Win32.ActiveCfg = Release|x86
		{12ACDE31-1E1F-4E8A-AF9D-410CB09AA101}.Release|Win32.Build.0 = Release|x86
		{12ACDE31-1E1F-4E8A-AF9D-410CB09AA101}.Release|Win32.Deploy.0 = Release|x86
		{12ACDE31-1E1F-4E8A-AF9D-410CB09AA101}.Release|x64.ActiveCfg = Release|x64
		{12ACDE31-1E1F-4E8A-AF9D-410CB09AA101}.Release|x64.Build.0 = Release|x64
		{12ACDE31-1E1F-4E8A-AF9D-410CB09AA101}.Release|x64.Deploy.0 = Release|x64
	EndGlobalSection
	GlobalSection(SolutionProperties) = preSolution
		HideSolutionNode = FALSE
	EndGlobalSection
	GlobalSection(NestedProjects) = preSolution
		{F6034506-5822-49C4-B88A-ECF5818E44C3} = {43041446-F114-4F3C-8750-B147FD69766E}
		{DAEA2268-E8F4-4B5A-BA92-78B6706573F0} = {5EB69BFA-4450-4654-9D5D-3BD8A6252EFA}
		{4BA5370E-B346-4808-8EB1-FFEA14F95C08} = {5EB69BFA-4450-4654-9D5D-3BD8A6252EFA}
		{DF48FB24-2017-41E7-AE22-3E7A013014E1} = {4BA5370E-B346-4808-8EB1-FFEA14F95C08}
		{FDCB5CD2-9278-4AC8-B46C-1C9EC43FB32D} = {43041446-F114-4F3C-8750-B147FD69766E}
		{A5FE2FB2-7810-4EC5-A07D-60138E977FDA} = {201B5F8B-173D-4EAD-824D-A7A4C5F09CC1}
	EndGlobalSection
	GlobalSection(ExtensibilityGlobals) = postSolution
		SolutionGuid = {C5FA5874-0ACE-4DE3-8FFD-61207AF7E57B}
	EndGlobalSection
	GlobalSection(Performance) = preSolution
		HasPerformanceSessions = true
	EndGlobalSection
EndGlobal
