<?xml version="1.0" encoding="utf-8"?>
<Project ToolsVersion="4.0" xmlns="http://schemas.microsoft.com/developer/msbuild/2003">
  <ItemGroup>
    <Filter Include="Header Files">
      <UniqueIdentifier>{ff392c54-de39-4f39-94f3-33bf79b53ac1}</UniqueIdentifier>
      <Extensions>h;hpp;hxx;hm;inl</Extensions>
    </Filter>
    <Filter Include="Source Files">
      <UniqueIdentifier>{9bf1b484-6da7-4d21-99dd-82023be30e7f}</UniqueIdentifier>
      <Extensions>cpp;c;cxx;rc;def;r;odl;idl;hpj;bat</Extensions>
    </Filter>
  </ItemGroup>
  <ItemGroup>
    <ClCompile Include="src\AbstrDataBlockProd.cpp">
      <Filter>Source Files</Filter>
    </ClCompile>
    <ClCompile Include="src\ConfigFileName.cpp">
      <Filter>Source Files</Filter>
    </ClCompile>
    <ClCompile Include="src\ConfigParse.cpp">
      <Filter>Source Files</Filter>
    </ClCompile>
    <ClCompile Include="src\ConfigProd.cpp">
      <Filter>Source Files</Filter>
    </ClCompile>
    <ClCompile Include="src\DataBlockProd.cpp">
      <Filter>Source Files</Filter>
    </ClCompile>
    <ClCompile Include="src\DataBlockTask.cpp">
      <Filter>Source Files</Filter>
    </ClCompile>
    <ClCompile Include="src\ExprParse.cpp">
      <Filter>Source Files</Filter>
    </ClCompile>
    <ClCompile Include="src\ExprProd.cpp">
      <Filter>Source Files</Filter>
    </ClCompile>
    <ClCompile Include="src\SpiritTools.cpp">
      <Filter>Source Files</Filter>
    </ClCompile>
    <ClCompile Include="src\StringProd.cpp">
      <Filter>Source Files</Filter>
    </ClCompile>
    <ClCompile Include="src\StxInterface.cpp">
      <Filter>Source Files</Filter>
    </ClCompile>
    <ClCompile Include="src\DijkstraString.cpp">
      <Filter>Source Files</Filter>
    </ClCompile>
  </ItemGroup>
  <ItemGroup>
    <ClInclude Include="src\ConfigFileName.h">
      <Filter>Header Files</Filter>
    </ClInclude>
    <ClInclude Include="src\ConfigProd.h">
      <Filter>Header Files</Filter>
    </ClInclude>
    <ClInclude Include="src\DataBlockParse.h">
      <Filter>Header Files</Filter>
    </ClInclude>
    <ClInclude Include="src\DataBlockProd.h">
      <Filter>Header Files</Filter>
    </ClInclude>
    <ClInclude Include="src\DataBlockTask.h">
      <Filter>Header Files</Filter>
    </ClInclude>
    <ClInclude Include="src\ExprProd.h">
      <Filter>Header Files</Filter>
    </ClInclude>
    <ClInclude Include="src\SpiritTools.h">
      <Filter>Header Files</Filter>
    </ClInclude>
    <ClInclude Include="src\StringParse.h">
      <Filter>Header Files</Filter>
    </ClInclude>
    <ClInclude Include="src\StringProd.h">
      <Filter>Header Files</Filter>
    </ClInclude>
    <ClInclude Include="src\StxBase.h">
      <Filter>Header Files</Filter>
    </ClInclude>
    <ClInclude Include="src\StxInterface.h">
      <Filter>Header Files</Filter>
    </ClInclude>
    <ClInclude Include="src\StxPch.h">
      <Filter>Header Files</Filter>
    </ClInclude>
    <ClInclude Include="src\TextPosition.h">
      <Filter>Header Files</Filter>
    </ClInclude>
    <ClInclude Include="src\ParseExpr.h">
      <Filter>Header Files</Filter>
    </ClInclude>
    <ClInclude Include="src\ExprParse.h">
      <Filter>Header Files</Filter>
    </ClInclude>
    <ClInclude Include="src\DijkstraFlags.h">
      <Filter>Header Files</Filter>
    </ClInclude>
  </ItemGroup>
</Project>