<?xml version="1.0" encoding="utf-8"?>
<Project ToolsVersion="4.0" xmlns="http://schemas.microsoft.com/developer/msbuild/2003">
  <ItemGroup>
    <Filter Include="boost">
      <UniqueIdentifier>{843a8c02-992f-4f98-889a-ab5789b8d7a9}</UniqueIdentifier>
    </Filter>
    <Filter Include="Header Files">
      <UniqueIdentifier>{75ef0234-90df-4ec8-94c7-d1d8fcb2e4a8}</UniqueIdentifier>
      <Extensions>h;hpp;hxx;hm;inl</Extensions>
    </Filter>
    <Filter Include="Resource Files">
      <UniqueIdentifier>{205d8628-e71c-4feb-8aa0-9f80de9513d2}</UniqueIdentifier>
      <Extensions>ico;cur;bmp;dlg;rc2;rct;bin;rgs;gif;jpg;jpeg;jpe</Extensions>
    </Filter>
    <Filter Include="Source Files">
      <UniqueIdentifier>{80240391-6839-4686-a9c5-711ff22a7ee3}</UniqueIdentifier>
      <Extensions>cpp;c;cxx;rc;def;r;odl;idl;hpj;bat</Extensions>
    </Filter>
  </ItemGroup>
  <ItemGroup>
    <ClCompile Include="src\ActivationInfo.cpp">
      <Filter>Source Files</Filter>
    </ClCompile>
    <ClCompile Include="src\CaretOperators.cpp">
      <Filter>Source Files</Filter>
    </ClCompile>
    <ClCompile Include="src\Carets.cpp">
      <Filter>Source Files</Filter>
    </ClCompile>
    <ClCompile Include="src\ClipBoard.cpp">
      <Filter>Source Files</Filter>
    </ClCompile>
    <ClCompile Include="src\Cmds.cpp">
      <Filter>Source Files</Filter>
    </ClCompile>
    <ClCompile Include="src\Controllers.cpp">
      <Filter>Source Files</Filter>
    </ClCompile>
    <ClCompile Include="src\CounterStacks.cpp">
      <Filter>Source Files</Filter>
    </ClCompile>
    <ClCompile Include="src\DataItemColumn.cpp">
      <Filter>Source Files</Filter>
    </ClCompile>
    <ClCompile Include="src\dataview.cpp">
      <Filter>Source Files</Filter>
    </ClCompile>
    <ClCompile Include="src\DcHandle.cpp">
      <Filter>Source Files</Filter>
    </ClCompile>
    <ClCompile Include="src\EditPalette.cpp">
      <Filter>Source Files</Filter>
    </ClCompile>
    <ClCompile Include="src\ExportInfo.cpp">
      <Filter>Source Files</Filter>
    </ClCompile>
    <ClCompile Include="src\FeatureLayer.cpp">
      <Filter>Source Files</Filter>
    </ClCompile>
    <ClCompile Include="src\FocusElemProvider.cpp">
      <Filter>Source Files</Filter>
    </ClCompile>
    <ClCompile Include="src\FontIndexCache.cpp">
      <Filter>Source Files</Filter>
    </ClCompile>
    <ClCompile Include="src\GraphDataView.cpp">
      <Filter>Source Files</Filter>
    </ClCompile>
    <ClCompile Include="src\GraphicContainer.cpp">
      <Filter>Source Files</Filter>
    </ClCompile>
    <ClCompile Include="src\GraphicGrid.cpp">
      <Filter>Source Files</Filter>
    </ClCompile>
    <ClCompile Include="src\GraphicLayer.cpp">
      <Filter>Source Files</Filter>
    </ClCompile>
    <ClCompile Include="src\GraphicObject.cpp">
      <Filter>Source Files</Filter>
    </ClCompile>
    <ClCompile Include="src\GraphicRect.cpp">
      <Filter>Source Files</Filter>
    </ClCompile>
    <ClCompile Include="src\GraphVisitor.cpp">
      <Filter>Source Files</Filter>
    </ClCompile>
    <ClCompile Include="src\GridCoord.cpp">
      <Filter>Source Files</Filter>
    </ClCompile>
    <ClCompile Include="src\GridDrawer.cpp">
      <Filter>Source Files</Filter>
    </ClCompile>
    <ClCompile Include="src\GridLayer.cpp">
      <Filter>Source Files</Filter>
    </ClCompile>
    <ClCompile Include="src\IdleTimer.cpp">
      <Filter>Source Files</Filter>
    </ClCompile>
    <ClCompile Include="src\IndexCollector.cpp">
      <Filter>Source Files</Filter>
    </ClCompile>
    <ClCompile Include="src\ItemSchemaView.cpp">
      <Filter>Source Files</Filter>
    </ClCompile>
    <ClCompile Include="src\LayerClass.cpp">
      <Filter>Source Files</Filter>
    </ClCompile>
    <ClCompile Include="src\LayerControl.cpp">
      <Filter>Source Files</Filter>
    </ClCompile>
    <ClCompile Include="src\LayerInfo.cpp">
      <Filter>Source Files</Filter>
    </ClCompile>
    <ClCompile Include="src\LayerSet.cpp">
      <Filter>Source Files</Filter>
    </ClCompile>
    <ClCompile Include="src\MapControl.cpp">
      <Filter>Source Files</Filter>
    </ClCompile>
    <ClCompile Include="src\MenuData.cpp">
      <Filter>Source Files</Filter>
    </ClCompile>
    <ClCompile Include="src\MovableContainer.cpp">
      <Filter>Source Files</Filter>
    </ClCompile>
    <ClCompile Include="src\MovableObject.cpp">
      <Filter>Source Files</Filter>
    </ClCompile>
    <ClCompile Include="src\PaletteControl.cpp">
      <Filter>Source Files</Filter>
    </ClCompile>
    <ClCompile Include="src\PenIndexCache.cpp">
      <Filter>Source Files</Filter>
    </ClCompile>
    <ClCompile Include="src\Region.cpp">
      <Filter>Source Files</Filter>
    </ClCompile>
    <ClCompile Include="src\RegionTower.cpp">
      <Filter>Source Files</Filter>
    </ClCompile>
    <ClCompile Include="src\ScalableObject.cpp">
      <Filter>Source Files</Filter>
    </ClCompile>
    <ClCompile Include="src\ScaleBar.cpp">
      <Filter>Source Files</Filter>
    </ClCompile>
    <ClCompile Include="src\ScrollPort.cpp">
      <Filter>Source Files</Filter>
    </ClCompile>
    <ClCompile Include="src\SelCaret.cpp">
      <Filter>Source Files</Filter>
    </ClCompile>
    <ClCompile Include="src\ShvDllInterface.cpp">
      <Filter>Source Files</Filter>
    </ClCompile>
    <ClCompile Include="src\ShvUtils.cpp">
      <Filter>Source Files</Filter>
    </ClCompile>
    <ClCompile Include="src\TableControl.cpp">
      <Filter>Source Files</Filter>
    </ClCompile>
    <ClCompile Include="src\TableDataView.cpp">
      <Filter>Source Files</Filter>
    </ClCompile>
    <ClCompile Include="src\TableHeaderControl.cpp">
      <Filter>Source Files</Filter>
    </ClCompile>
    <ClCompile Include="src\TableViewControl.cpp">
      <Filter>Source Files</Filter>
    </ClCompile>
    <ClCompile Include="src\TextControl.cpp">
      <Filter>Source Files</Filter>
    </ClCompile>
    <ClCompile Include="src\TextEditController.cpp">
      <Filter>Source Files</Filter>
    </ClCompile>
    <ClCompile Include="src\Theme.cpp">
      <Filter>Source Files</Filter>
    </ClCompile>
    <ClCompile Include="src\ThemeReadLocks.cpp">
      <Filter>Source Files</Filter>
    </ClCompile>
    <ClCompile Include="src\ThemeSet.cpp">
      <Filter>Source Files</Filter>
    </ClCompile>
    <ClCompile Include="src\ViewControl.cpp">
      <Filter>Source Files</Filter>
    </ClCompile>
    <ClCompile Include="src\ViewPort.cpp">
      <Filter>Source Files</Filter>
    </ClCompile>
    <ClCompile Include="src\Wrapper.cpp">
      <Filter>Source Files</Filter>
    </ClCompile>
    <ClCompile Include="src\AspectGroup.cpp">
      <Filter>Source Files</Filter>
    </ClCompile>
    <ClCompile Include="src\ThemeValueGetter.cpp">
      <Filter>Source Files</Filter>
    </ClCompile>
    <ClCompile Include="src\WmsLayer.cpp">
      <Filter>Source Files</Filter>
    </ClCompile>
    <ClCompile Include="src\ResourceIndexCache.cpp">
      <Filter>Source Files</Filter>
    </ClCompile>
    <ClCompile Include="src\Waiter.cpp">
      <Filter>Source Files</Filter>
    </ClCompile>
  </ItemGroup>
  <ItemGroup>
    <ClInclude Include="res\resource.h">
      <Filter>Resource Files</Filter>
    </ClInclude>
    <ClInclude Include="src\AbstrCaret.h">
      <Filter>Header Files</Filter>
    </ClInclude>
    <ClInclude Include="src\AbstrCmd.h">
      <Filter>Header Files</Filter>
    </ClInclude>
    <ClInclude Include="src\AbstrController.h">
      <Filter>Header Files</Filter>
    </ClInclude>
    <ClInclude Include="src\ActivationInfo.h">
      <Filter>Header Files</Filter>
    </ClInclude>
    <ClInclude Include="src\CaretOperators.h">
      <Filter>Header Files</Filter>
    </ClInclude>
    <ClInclude Include="src\Carets.h">
      <Filter>Header Files</Filter>
    </ClInclude>
    <ClInclude Include="src\changelock.h">
      <Filter>Header Files</Filter>
    </ClInclude>
    <ClInclude Include="src\Clipboard.h">
      <Filter>Header Files</Filter>
    </ClInclude>
    <ClInclude Include="src\Cmds.h">
      <Filter>Header Files</Filter>
    </ClInclude>
    <ClInclude Include="src\Controllers.h">
      <Filter>Header Files</Filter>
    </ClInclude>
    <ClInclude Include="src\CounterStacks.h">
      <Filter>Header Files</Filter>
    </ClInclude>
    <ClInclude Include="src\DataItemColumn.h">
      <Filter>Header Files</Filter>
    </ClInclude>
    <ClInclude Include="src\dataview.h">
      <Filter>Header Files</Filter>
    </ClInclude>
    <ClInclude Include="src\DcHandle.h">
      <Filter>Header Files</Filter>
    </ClInclude>
    <ClInclude Include="src\EditPalette.h">
      <Filter>Header Files</Filter>
    </ClInclude>
    <ClInclude Include="src\ExportInfo.h">
      <Filter>Header Files</Filter>
    </ClInclude>
    <ClInclude Include="src\FeatureLayer.h">
      <Filter>Header Files</Filter>
    </ClInclude>
    <ClInclude Include="src\FocusElemProvider.h">
      <Filter>Header Files</Filter>
    </ClInclude>
    <ClInclude Include="src\FontIndexCache.h">
      <Filter>Header Files</Filter>
    </ClInclude>
    <ClInclude Include="src\GraphDataView.h">
      <Filter>Header Files</Filter>
    </ClInclude>
    <ClInclude Include="src\GraphicContainer.h">
      <Filter>Header Files</Filter>
    </ClInclude>
    <ClInclude Include="src\GraphicGrid.h">
      <Filter>Header Files</Filter>
    </ClInclude>
    <ClInclude Include="src\GraphicLayer.h">
      <Filter>Header Files</Filter>
    </ClInclude>
    <ClInclude Include="src\GraphicObject.h">
      <Filter>Header Files</Filter>
    </ClInclude>
    <ClInclude Include="src\GraphicPoint.h">
      <Filter>Header Files</Filter>
    </ClInclude>
    <ClInclude Include="src\GraphicRect.h">
      <Filter>Header Files</Filter>
    </ClInclude>
    <ClInclude Include="src\GraphVisitor.h">
      <Filter>Header Files</Filter>
    </ClInclude>
    <ClInclude Include="src\GridCoord.h">
      <Filter>Header Files</Filter>
    </ClInclude>
    <ClInclude Include="src\GridDrawer.h">
      <Filter>Header Files</Filter>
    </ClInclude>
    <ClInclude Include="src\GridLayer.h">
      <Filter>Header Files</Filter>
    </ClInclude>
    <ClInclude Include="src\IdleTimer.h">
      <Filter>Header Files</Filter>
    </ClInclude>
    <ClInclude Include="src\IndexCollector.h">
      <Filter>Header Files</Filter>
    </ClInclude>
    <ClInclude Include="src\ItemSchemaView.h">
      <Filter>Header Files</Filter>
    </ClInclude>
    <ClInclude Include="src\KeyFlags.h">
      <Filter>Header Files</Filter>
    </ClInclude>
    <ClInclude Include="src\LayerClass.h">
      <Filter>Header Files</Filter>
    </ClInclude>
    <ClInclude Include="src\LayerControl.h">
      <Filter>Header Files</Filter>
    </ClInclude>
    <ClInclude Include="src\LayerInfo.h">
      <Filter>Header Files</Filter>
    </ClInclude>
    <ClInclude Include="src\LayerSet.h">
      <Filter>Header Files</Filter>
    </ClInclude>
    <ClInclude Include="src\LockedIndexCollectorPtr.h">
      <Filter>Header Files</Filter>
    </ClInclude>
    <ClInclude Include="src\MapControl.h">
      <Filter>Header Files</Filter>
    </ClInclude>
    <ClInclude Include="src\MenuData.h">
      <Filter>Header Files</Filter>
    </ClInclude>
    <ClInclude Include="src\MouseEventDispatcher.h">
      <Filter>Header Files</Filter>
    </ClInclude>
    <ClInclude Include="src\movablecontainer.h">
      <Filter>Header Files</Filter>
    </ClInclude>
    <ClInclude Include="src\movableobject.h">
      <Filter>Header Files</Filter>
    </ClInclude>
    <ClInclude Include="src\palettecontrol.h">
      <Filter>Header Files</Filter>
    </ClInclude>
    <ClInclude Include="src\PenIndexCache.h">
      <Filter>Header Files</Filter>
    </ClInclude>
    <ClInclude Include="src\Region.h">
      <Filter>Header Files</Filter>
    </ClInclude>
    <ClInclude Include="src\RegionTower.h">
      <Filter>Header Files</Filter>
    </ClInclude>
    <ClInclude Include="src\scalableobject.h">
      <Filter>Header Files</Filter>
    </ClInclude>
    <ClInclude Include="src\ScaleBar.h">
      <Filter>Header Files</Filter>
    </ClInclude>
    <ClInclude Include="src\ScrollPort.h">
      <Filter>Header Files</Filter>
    </ClInclude>
    <ClInclude Include="src\selcaret.h">
      <Filter>Header Files</Filter>
    </ClInclude>
    <ClInclude Include="src\ShvBase.h">
      <Filter>Header Files</Filter>
    </ClInclude>
    <ClInclude Include="src\ShvDllInterface.h">
      <Filter>Header Files</Filter>
    </ClInclude>
    <ClInclude Include="src\ShvDllPch.h">
      <Filter>Header Files</Filter>
    </ClInclude>
    <ClInclude Include="src\ShvSignal.h">
      <Filter>Header Files</Filter>
    </ClInclude>
    <ClInclude Include="src\ShvUtils.h">
      <Filter>Header Files</Filter>
    </ClInclude>
    <ClInclude Include="src\TableControl.h">
      <Filter>Header Files</Filter>
    </ClInclude>
    <ClInclude Include="src\TableDataView.h">
      <Filter>Header Files</Filter>
    </ClInclude>
    <ClInclude Include="src\TableHeaderControl.h">
      <Filter>Header Files</Filter>
    </ClInclude>
    <ClInclude Include="src\TableViewControl.h">
      <Filter>Header Files</Filter>
    </ClInclude>
    <ClInclude Include="src\TextControl.h">
      <Filter>Header Files</Filter>
    </ClInclude>
    <ClInclude Include="src\texteditcontroller.h">
      <Filter>Header Files</Filter>
    </ClInclude>
    <ClInclude Include="src\Theme.h">
      <Filter>Header Files</Filter>
    </ClInclude>
    <ClInclude Include="src\themecmd.h">
      <Filter>Header Files</Filter>
    </ClInclude>
    <ClInclude Include="src\ThemeReadLocks.h">
      <Filter>Header Files</Filter>
    </ClInclude>
    <ClInclude Include="src\ThemeSet.h">
      <Filter>Header Files</Filter>
    </ClInclude>
    <ClInclude Include="src\ViewControl.h">
      <Filter>Header Files</Filter>
    </ClInclude>
    <ClInclude Include="src\ViewPort.h">
      <Filter>Header Files</Filter>
    </ClInclude>
    <ClInclude Include="src\Wrapper.h">
      <Filter>Header Files</Filter>
    </ClInclude>
    <ClInclude Include="src\GridFill.h">
      <Filter>Header Files</Filter>
    </ClInclude>
    <ClInclude Include="src\DrawPolygons.h">
      <Filter>Header Files</Filter>
    </ClInclude>
    <ClInclude Include="src\GeoTypes.h">
      <Filter>Header Files</Filter>
    </ClInclude>
    <ClInclude Include="src\AspectGroup.h">
      <Filter>Header Files</Filter>
    </ClInclude>
    <ClInclude Include="src\fontrole.h">
      <Filter>Header Files</Filter>
    </ClInclude>
    <ClInclude Include="src\ThemeValueGetter.h">
      <Filter>Header Files</Filter>
    </ClInclude>
    <ClInclude Include="src\WmsLayer.h">
      <Filter>Header Files</Filter>
    </ClInclude>
    <ClInclude Include="src\GridLayerBase.h">
      <Filter>Header Files</Filter>
    </ClInclude>
    <ClInclude Include="src\ResourceIndexCache.h">
      <Filter>Header Files</Filter>
    </ClInclude>
    <ClInclude Include="src\waiter.h">
      <Filter>Header Files</Filter>
    </ClInclude>
  </ItemGroup>
  <ItemGroup>
    <ResourceCompile Include="res\DmShv32.rc">
      <Filter>Resource Files</Filter>
    </ResourceCompile>
  </ItemGroup>
</Project>