<?xml version="1.0" encoding="utf-8"?>
<Project ToolsVersion="4.0" xmlns="http://schemas.microsoft.com/developer/msbuild/2003">
  <ItemGroup>
    <Filter Include="Source Files">
      <UniqueIdentifier>{4FC737F1-C7A5-4376-A066-2A32D752A2FF}</UniqueIdentifier>
      <Extensions>cpp;c;cc;cxx;c++;cppm;ixx;def;odl;idl;hpj;bat;asm;asmx</Extensions>
    </Filter>
    <Filter Include="Header Files">
      <UniqueIdentifier>{93995380-89BD-4b04-88EB-625FBE52EBFB}</UniqueIdentifier>
      <Extensions>h;hh;hpp;hxx;h++;hm;inl;inc;ipp;xsd</Extensions>
    </Filter>
    <Filter Include="Resource Files">
      <UniqueIdentifier>{67DA6AB6-F800-4c08-8B7A-83BB121AAD01}</UniqueIdentifier>
      <Extensions>rc;ico;cur;bmp;dlg;rc2;rct;bin;rgs;gif;jpg;jpeg;jpe;resx;tiff;tif;png;wav;mfcribbon-ms</Extensions>
    </Filter>
    <Filter Include="Backend">
      <UniqueIdentifier>{896e98e6-28dd-448b-9c97-38145fa61446}</UniqueIdentifier>
    </Filter>
  </ItemGroup>
  <ItemGroup>
    <ClCompile Include="src\main.cpp">
      <Filter>Source Files</Filter>
    </ClCompile>
    <ClCompile Include="backends\imgui_impl_glfw.cpp">
      <Filter>Backend</Filter>
    </ClCompile>
    <ClCompile Include="src\GuiMain.cpp">
      <Filter>Source Files</Filter>
    </ClCompile>
    <ClCompile Include="src\GuiMenu.cpp">
      <Filter>Source Files</Filter>
    </ClCompile>
    <ClCompile Include="src\GuiOptions.cpp">
      <Filter>Source Files</Filter>
    </ClCompile>
    <ClCompile Include="src\GuiTreeview.cpp">
      <Filter>Source Files</Filter>
    </ClCompile>
    <ClCompile Include="backends\imgui_impl_opengl3.cpp">
      <Filter>Backend</Filter>
    </ClCompile>
    <ClCompile Include="src\imgui_demo.cpp">
      <Filter>Source Files</Filter>
    </ClCompile>
    <ClCompile Include="src\GuiDetailPages.cpp">
      <Filter>Source Files</Filter>
    </ClCompile>
    <ClCompile Include="src\GuiBase.cpp">
      <Filter>Source Files</Filter>
    </ClCompile>
    <ClCompile Include="src\GuiInput.cpp">
      <Filter>Source Files</Filter>
    </ClCompile>
    <ClCompile Include="src\GuiCurrentItem.cpp">
      <Filter>Source Files</Filter>
    </ClCompile>
    <ClCompile Include="src\GuiEventLog.cpp">
      <Filter>Source Files</Filter>
    </ClCompile>
    <ClCompile Include="src\GuiStyles.cpp">
      <Filter>Source Files</Filter>
    </ClCompile>
    <ClCompile Include="src\GuiView.cpp">
      <Filter>Source Files</Filter>
    </ClCompile>
    <ClCompile Include="src\GuiToolbar.cpp">
      <Filter>Source Files</Filter>
    </ClCompile>
    <ClCompile Include="src\GuiGraphics.cpp">
      <Filter>Source Files</Filter>
    </ClCompile>
    <ClCompile Include="src\GuiEmail.cpp">
      <Filter>Source Files</Filter>
    </ClCompile>
    <ClCompile Include="src\GuiStatusBar.cpp">
      <Filter>Source Files</Filter>
    </ClCompile>
    <ClCompile Include="src\GuiUnitTest.cpp">
      <Filter>Source Files</Filter>
    </ClCompile>
  </ItemGroup>
  <ItemGroup>
    <ClInclude Include="backends\imgui_impl_glfw.h">
      <Filter>Backend</Filter>
    </ClInclude>
    <ClInclude Include="src\GuiBase.h">
      <Filter>Header Files</Filter>
    </ClInclude>
    <ClInclude Include="src\GuiMain.h">
      <Filter>Header Files</Filter>
    </ClInclude>
    <ClInclude Include="src\GuiMenu.h">
      <Filter>Header Files</Filter>
    </ClInclude>
    <ClInclude Include="src\GuiOptions.h">
      <Filter>Header Files</Filter>
    </ClInclude>
    <ClInclude Include="src\GuiTreeview.h">
      <Filter>Header Files</Filter>
    </ClInclude>
    <ClInclude Include="backends\imgui_impl_opengl3.h">
      <Filter>Backend</Filter>
    </ClInclude>
    <ClInclude Include="backends\imgui_impl_opengl3_loader.h">
      <Filter>Backend</Filter>
    </ClInclude>
    <ClInclude Include="src\imfilebrowser.h">
      <Filter>Header Files</Filter>
    </ClInclude>
    <ClInclude Include="src\GuiDetailPages.h">
      <Filter>Header Files</Filter>
    </ClInclude>
    <ClInclude Include="src\GuiInput.h">
      <Filter>Header Files</Filter>
    </ClInclude>
    <ClInclude Include="src\GuiCurrentItem.h">
      <Filter>Header Files</Filter>
    </ClInclude>
    <ClInclude Include="src\GuiEventLog.h">
      <Filter>Header Files</Filter>
    </ClInclude>
    <ClInclude Include="src\GuiStyles.h">
      <Filter>Header Files</Filter>
    </ClInclude>
    <ClInclude Include="backends\wglext.h">
      <Filter>Backend</Filter>
    </ClInclude>
    <ClInclude Include="src\GuiView.h">
      <Filter>Header Files</Filter>
    </ClInclude>
    <ClInclude Include="src\GuiToolbar.h">
      <Filter>Header Files</Filter>
    </ClInclude>
    <ClInclude Include="src\IconsFontRemixIcon.h">
      <Filter>Header Files</Filter>
    </ClInclude>
    <ClInclude Include="src\GuiGraphics.h">
      <Filter>Header Files</Filter>
    </ClInclude>
    <ClInclude Include="src\GuiEmail.h">
      <Filter>Header Files</Filter>
    </ClInclude>
    <ClInclude Include="src\GuiStatusBar.h">
      <Filter>Header Files</Filter>
    </ClInclude>
    <ClInclude Include="src\GuiUnitTest.h">
      <Filter>Header Files</Filter>
    </ClInclude>
  </ItemGroup>
  <ItemGroup>
    <CustomBuild Include="misc/fonts/Cousine-Regular.ttf">
      <Filter>Resource Files</Filter>
    </CustomBuild>
  </ItemGroup>
</Project>