<?xml version="1.0" encoding="utf-8"?>
<Project ToolsVersion="4.0" xmlns="http://schemas.microsoft.com/developer/msbuild/2003">
  <ItemGroup>
    <Filter Include="Source Files">
      <UniqueIdentifier>{4FC737F1-C7A5-4376-A066-2A32D752A2FF}</UniqueIdentifier>
      <Extensions>cpp;c;cc;cxx;def;odl;idl;hpj;bat;asm;asmx</Extensions>
    </Filter>
    <Filter Include="Header Files">
      <UniqueIdentifier>{93995380-89BD-4b04-88EB-625FBE52EBFB}</UniqueIdentifier>
      <Extensions>h;hpp;hxx;hm;inl;inc;xsd</Extensions>
    </Filter>
    <Filter Include="Resource Files">
      <UniqueIdentifier>{67DA6AB6-F800-4c08-8B7A-83BB121AAD01}</UniqueIdentifier>
      <Extensions>rc;ico;cur;bmp;dlg;rc2;rct;bin;rgs;gif;jpg;jpeg;jpe;resx;tiff;tif;png;wav;mfcribbon-ms</Extensions>
    </Filter>
  </ItemGroup>
  <ItemGroup>
    <ClCompile Include="src1\AnyAll.cpp">
      <Filter>Source Files</Filter>
    </ClCompile>
    <ClCompile Include="src1\CalcFactory.cpp">
      <Filter>Source Files</Filter>
    </ClCompile>
    <ClCompile Include="src1\Cumulate.cpp">
      <Filter>Source Files</Filter>
    </ClCompile>
    <ClCompile Include="src1\ExprCalculator.cpp">
      <Filter>Source Files</Filter>
    </ClCompile>
    <ClCompile Include="src1\FileOper.cpp">
      <Filter>Source Files</Filter>
    </ClCompile>
    <ClCompile Include="src1\ForEach.cpp">
      <Filter>Source Files</Filter>
    </ClCompile>
    <ClCompile Include="src1\GetStatistics.cpp">
      <Filter>Source Files</Filter>
    </ClCompile>
    <ClCompile Include="src1\ID.cpp">
      <Filter>Source Files</Filter>
    </ClCompile>
    <ClCompile Include="src1\Index.cpp">
      <Filter>Source Files</Filter>
    </ClCompile>
    <ClCompile Include="src1\Invert.cpp">
      <Filter>Source Files</Filter>
    </ClCompile>
    <ClCompile Include="src1\lookup.cpp">
      <Filter>Source Files</Filter>
    </ClCompile>
    <ClCompile Include="src1\Loop.cpp">
      <Filter>Source Files</Filter>
    </ClCompile>
    <ClCompile Include="src1\Modus.cpp">
      <Filter>Source Files</Filter>
    </ClCompile>
    <ClCompile Include="src1\Overlay.cpp">
      <Filter>Source Files</Filter>
    </ClCompile>
    <ClCompile Include="src1\PCount.cpp">
      <Filter>Source Files</Filter>
    </ClCompile>
    <ClCompile Include="src1\random.cpp">
      <Filter>Source Files</Filter>
    </ClCompile>
    <ClCompile Include="src1\ReadData.cpp">
      <Filter>Source Files</Filter>
    </ClCompile>
    <ClCompile Include="src1\RLookup.cpp">
      <Filter>Source Files</Filter>
    </ClCompile>
    <ClCompile Include="src1\Sort.cpp">
      <Filter>Source Files</Filter>
    </ClCompile>
    <ClCompile Include="src1\SubItem.cpp">
      <Filter>Source Files</Filter>
    </ClCompile>
    <ClCompile Include="src1\Subset.cpp">
      <Filter>Source Files</Filter>
    </ClCompile>
    <ClCompile Include="src1\Union.cpp">
      <Filter>Source Files</Filter>
    </ClCompile>
    <ClCompile Include="src1\Unique.cpp">
      <Filter>Source Files</Filter>
    </ClCompile>
    <ClCompile Include="src1\UnitCreators.cpp">
      <Filter>Source Files</Filter>
    </ClCompile>
    <ClCompile Include="src1\Clc1Interface.cpp">
      <Filter>Source Files</Filter>
    </ClCompile>
    <ClCompile Include="src1\CalcClassBreaks.cpp">
      <Filter>Source Files</Filter>
    </ClCompile>
    <ClCompile Include="src1\ClassBreak.cpp">
      <Filter>Source Files</Filter>
    </ClCompile>
    <ClCompile Include="src1\Ramp.cpp">
      <Filter>Source Files</Filter>
    </ClCompile>
    <ClCompile Include="src1\IndexGetterCreator.cpp">
      <Filter>Source Files</Filter>
    </ClCompile>
    <ClCompile Include="src1\JoinEqualValues.cpp">
      <Filter>Source Files</Filter>
    </ClCompile>
    <ClCompile Include="src2\OperAttrVar.cpp">
      <Filter>Source Files</Filter>
    </ClCompile>
    <ClCompile Include="src1\Classify.cpp">
      <Filter>Source Files</Filter>
    </ClCompile>
  </ItemGroup>
  <ItemGroup>
    <CustomBuild Include="..\..\res\RewriteExpr.lsp">
      <Filter>Resource Files</Filter>
    </CustomBuild>
  </ItemGroup>
  <ItemGroup>
    <ClInclude Include="include\AggrBinStructNum.h">
      <Filter>Header Files</Filter>
    </ClInclude>
    <ClInclude Include="include\AggrFunc.h">
      <Filter>Header Files</Filter>
    </ClInclude>
    <ClInclude Include="include\AggrFuncNum.h">
      <Filter>Header Files</Filter>
    </ClInclude>
    <ClInclude Include="include\AggrUniStruct.h">
      <Filter>Header Files</Filter>
    </ClInclude>
    <ClInclude Include="include\AggrUniStructNum.h">
      <Filter>Header Files</Filter>
    </ClInclude>
    <ClInclude Include="include\AggrUniStructString.h">
      <Filter>Header Files</Filter>
    </ClInclude>
    <ClInclude Include="include\AttrBinStruct.h">
      <Filter>Header Files</Filter>
    </ClInclude>
    <ClInclude Include="include\AttrTerStruct.h">
      <Filter>Header Files</Filter>
    </ClInclude>
    <ClInclude Include="include\AttrUniStruct.h">
      <Filter>Header Files</Filter>
    </ClInclude>
    <ClInclude Include="include\AttrUniStructNum.h">
      <Filter>Header Files</Filter>
    </ClInclude>
    <ClInclude Include="include\AttrUniStructStr.h">
      <Filter>Header Files</Filter>
    </ClInclude>
    <ClInclude Include="include\CalcFactory.h">
      <Filter>Header Files</Filter>
    </ClInclude>
    <ClInclude Include="include\CastedUnaryAttrOper.h">
      <Filter>Header Files</Filter>
    </ClInclude>
    <ClInclude Include="include\ClcBase.h">
      <Filter>Header Files</Filter>
    </ClInclude>
    <ClInclude Include="include\ClcPch.h">
      <Filter>Header Files</Filter>
    </ClInclude>
    <ClInclude Include="include\composition.h">
      <Filter>Header Files</Filter>
    </ClInclude>
    <ClInclude Include="include\ConstOper.h">
      <Filter>Header Files</Filter>
    </ClInclude>
    <ClInclude Include="include\dms_transform.h">
      <Filter>Header Files</Filter>
    </ClInclude>
    <ClInclude Include="include\exprcalculator.h">
      <Filter>Header Files</Filter>
    </ClInclude>
    <ClInclude Include="include\funclist.h">
      <Filter>Header Files</Filter>
    </ClInclude>
    <ClInclude Include="include\indexassigner.h">
      <Filter>Header Files</Filter>
    </ClInclude>
    <ClInclude Include="include\invert.h">
      <Filter>Header Files</Filter>
    </ClInclude>
    <ClInclude Include="include\lookup.h">
      <Filter>Header Files</Filter>
    </ClInclude>
    <ClInclude Include="include\operacc.h">
      <Filter>Header Files</Filter>
    </ClInclude>
    <ClInclude Include="include\operaccbin.h">
      <Filter>Header Files</Filter>
    </ClInclude>
    <ClInclude Include="include\OperAccUniNum.h">
      <Filter>Header Files</Filter>
    </ClInclude>
    <ClInclude Include="include\operattrbin.h">
      <Filter>Header Files</Filter>
    </ClInclude>
    <ClInclude Include="include\operattrter.h">
      <Filter>Header Files</Filter>
    </ClInclude>
    <ClInclude Include="include\operattruni.h">
      <Filter>Header Files</Filter>
    </ClInclude>
    <ClInclude Include="include\operreluni.h">
      <Filter>Header Files</Filter>
    </ClInclude>
    <ClInclude Include="include\operunit.h">
      <Filter>Header Files</Filter>
    </ClInclude>
    <ClInclude Include="include\partitiontypes.h">
      <Filter>Header Files</Filter>
    </ClInclude>
    <ClInclude Include="include\pcount.h">
      <Filter>Header Files</Filter>
    </ClInclude>
    <ClInclude Include="include\prototypes.h">
      <Filter>Header Files</Filter>
    </ClInclude>
    <ClInclude Include="include\rlookup.h">
      <Filter>Header Files</Filter>
    </ClInclude>
    <ClInclude Include="include\unitcreators.h">
      <Filter>Header Files</Filter>
    </ClInclude>
    <ClInclude Include="include\unitgroup.h">
      <Filter>Header Files</Filter>
    </ClInclude>
    <ClInclude Include="include\CalcClassBreaks.h">
      <Filter>Header Files</Filter>
    </ClInclude>
    <ClInclude Include="include\ValueGetter.h">
      <Filter>Header Files</Filter>
    </ClInclude>
    <ClInclude Include="include\boostblas.h">
      <Filter>Header Files</Filter>
    </ClInclude>
    <ClInclude Include="include\IndexGetterCreator.h">
      <Filter>Header Files</Filter>
    </ClInclude>
    <ClInclude Include="include\clcinterface.h">
      <Filter>Header Files</Filter>
    </ClInclude>
    <ClInclude Include="include\OperAccUni.h">
      <Filter>Header Files</Filter>
    </ClInclude>
    <ClInclude Include="include\makeCululative.h">
      <Filter>Header Files</Filter>
    </ClInclude>
    <ClInclude Include="include\InvertedRel.h">
      <Filter>Header Files</Filter>
    </ClInclude>
    <ClInclude Include="include\RemoveAdjacentsAndSpikes.h">
      <Filter>Header Files</Filter>
    </ClInclude>
    <ClInclude Include="src1\RLookup.ipp">
      <Filter>Header Files</Filter>
    </ClInclude>
  </ItemGroup>
</Project>