<?xml version="1.0" encoding="utf-8"?>
<Project ToolsVersion="4.0" xmlns="http://schemas.microsoft.com/developer/msbuild/2003">
  <ItemGroup>
    <Filter Include="Ascii Grid">
      <UniqueIdentifier>{181897dd-dc51-4e08-9fd6-132ace229313}</UniqueIdentifier>
    </Filter>
    <Filter Include="Ascii Table">
      <UniqueIdentifier>{751423d1-7494-4260-a025-f755557f01f5}</UniqueIdentifier>
    </Filter>
    <Filter Include="Bmp">
      <UniqueIdentifier>{32ccdb45-2774-49e7-847e-79907966cb0d}</UniqueIdentifier>
    </Filter>
    <Filter Include="dbf">
      <UniqueIdentifier>{61ce3a6f-627d-44dc-8de5-13d746628dbe}</UniqueIdentifier>
    </Filter>
    <Filter Include="Odbc">
      <UniqueIdentifier>{95557738-491a-4e09-87cc-44769a8959bc}</UniqueIdentifier>
    </Filter>
    <Filter Include="Shp">
      <UniqueIdentifier>{96d01959-4a28-41e8-9856-25ff586d4744}</UniqueIdentifier>
    </Filter>
    <Filter Include="Tif">
      <UniqueIdentifier>{22953873-aa53-41d8-ac7a-02b78a88f022}</UniqueIdentifier>
    </Filter>
    <Filter Include="Tif\header">
      <UniqueIdentifier>{3d899494-b42e-44f2-a24f-e5cf854be086}</UniqueIdentifier>
    </Filter>
    <Filter Include="Tif\src">
      <UniqueIdentifier>{169e0e36-49d4-4926-83fa-533fd5e299b6}</UniqueIdentifier>
    </Filter>
  </ItemGroup>
  <ItemGroup>
    <ClCompile Include="src\asc\AsciiImp.cpp">
      <Filter>Ascii Grid</Filter>
    </ClCompile>
    <ClCompile Include="src\bmp\BmpImp.cpp">
      <Filter>Bmp</Filter>
    </ClCompile>
    <ClCompile Include="src\dbf\dbfImp.cpp">
      <Filter>dbf</Filter>
    </ClCompile>
    <ClCompile Include="src\ImplMain.cpp" />
    <ClCompile Include="src\odbc\OdbcImp.cpp">
      <Filter>Odbc</Filter>
    </ClCompile>
    <ClCompile Include="src\shp\ShpImp.cpp">
      <Filter>Shp</Filter>
    </ClCompile>
    <ClCompile Include="src\tif\TifImp.cpp">
      <Filter>Tif</Filter>
    </ClCompile>
    <ClCompile Include="src\xdb\XdbImp.cpp">
      <Filter>Ascii Table</Filter>
    </ClCompile>
  </ItemGroup>
  <ItemGroup>
    <ClInclude Include="src\asc\AsciiImp.h">
      <Filter>Ascii Grid</Filter>
    </ClInclude>
    <ClInclude Include="src\bmp\BmpImp.h">
      <Filter>Bmp</Filter>
    </ClInclude>
    <ClInclude Include="src\dbf\dbfImpl.h">
      <Filter>dbf</Filter>
    </ClInclude>
    <ClInclude Include="src\ImplMain.h" />
    <ClInclude Include="src\odbc\OdbcImp.h">
      <Filter>Odbc</Filter>
    </ClInclude>
    <ClInclude Include="src\shp\ShpImp.h">
      <Filter>Shp</Filter>
    </ClInclude>
    <ClInclude Include="src\tif\TifImp.h">
      <Filter>Tif</Filter>
    </ClInclude>
    <ClInclude Include="src\xdb\XdbImp.h">
      <Filter>Ascii Table</Filter>
    </ClInclude>
    <ClInclude Include="src\viewportinfo.h" />
    <ClInclude Include="src\FilePtrHandle.h" />
  </ItemGroup>
</Project>