	<Project xmlns="http://schemas.microsoft.com/developer/msbuild/2003">
		<PropertyGroup>
			<ProjectGuid>{6C970A99-641C-4E6E-8D23-1E74FD094BE6}</ProjectGuid>
			<MainSource>GeoDmsGuiDelphi.dpr</MainSource>
			<Base>True</Base>
			<Config Condition="'$(Config)'==''">Release</Config>
			<TargetedPlatforms>3</TargetedPlatforms>
			<AppType>Application</AppType>
			<FrameworkType>VCL</FrameworkType>
			<ProjectVersion>13.4</ProjectVersion>
			<Platform Condition="'$(Platform)'==''">Win64</Platform>
		</PropertyGroup>
		<PropertyGroup Condition="'$(Config)'=='Base' or '$(Base)'!=''">
			<Base>true</Base>
		</PropertyGroup>
		<PropertyGroup Condition="('$(Platform)'=='Win64' and '$(Base)'=='true') or '$(Base_Win64)'!=''">
			<Base_Win64>true</Base_Win64>
			<CfgParent>Base</CfgParent>
			<Base>true</Base>
		</PropertyGroup>
		<PropertyGroup Condition="('$(Platform)'=='Win32' and '$(Base)'=='true') or '$(Base_Win32)'!=''">
			<Base_Win32>true</Base_Win32>
			<CfgParent>Base</CfgParent>
			<Base>true</Base>
		</PropertyGroup>
		<PropertyGroup Condition="'$(Config)'=='Release' or '$(Cfg_1)'!=''">
			<Cfg_1>true</Cfg_1>
			<CfgParent>Base</CfgParent>
			<Base>true</Base>
		</PropertyGroup>
		<PropertyGroup Condition="('$(Platform)'=='Win64' and '$(Cfg_1)'=='true') or '$(Cfg_1_Win64)'!=''">
			<Cfg_1_Win64>true</Cfg_1_Win64>
			<CfgParent>Cfg_1</CfgParent>
			<Cfg_1>true</Cfg_1>
			<Base>true</Base>
		</PropertyGroup>
		<PropertyGroup Condition="('$(Platform)'=='Win32' and '$(Cfg_1)'=='true') or '$(Cfg_1_Win32)'!=''">
			<Cfg_1_Win32>true</Cfg_1_Win32>
			<CfgParent>Cfg_1</CfgParent>
			<Cfg_1>true</Cfg_1>
			<Base>true</Base>
		</PropertyGroup>
		<PropertyGroup Condition="'$(Config)'=='Debug' or '$(Cfg_2)'!=''">
			<Cfg_2>true</Cfg_2>
			<CfgParent>Base</CfgParent>
			<Base>true</Base>
		</PropertyGroup>
		<PropertyGroup Condition="('$(Platform)'=='Win64' and '$(Cfg_2)'=='true') or '$(Cfg_2_Win64)'!=''">
			<Cfg_2_Win64>true</Cfg_2_Win64>
			<CfgParent>Cfg_2</CfgParent>
			<Cfg_2>true</Cfg_2>
			<Base>true</Base>
		</PropertyGroup>
		<PropertyGroup Condition="('$(Platform)'=='Win32' and '$(Cfg_2)'=='true') or '$(Cfg_2_Win32)'!=''">
			<Cfg_2_Win32>true</Cfg_2_Win32>
			<CfgParent>Cfg_2</CfgParent>
			<Cfg_2>true</Cfg_2>
			<Base>true</Base>
		</PropertyGroup>
		<PropertyGroup Condition="'$(Base)'!=''">
			<DCC_CodePage>65001</DCC_CodePage>
			<DCC_SUSPICIOUS_TYPECAST>error</DCC_SUSPICIOUS_TYPECAST>
			<DCC_Description>GeoDmsGuiXE</DCC_Description>
			<Icon_MainIcon>GeoDmsGui.ico</Icon_MainIcon>
			<Manifest_File>None</Manifest_File>
			<DCC_UnitSearchPath>$(DELPHI)\lib;..\General;..\General\DmsInterface;..\General\DMSFlowChart;..\General\3rdParty\Freeware;..\General\3rdParty\TeeTree1;$(DCC_UnitSearchPath)</DCC_UnitSearchPath>
			<DCC_ExeOutput>c:\LocalData\bin2010</DCC_ExeOutput>
			<DCC_IOChecking>false</DCC_IOChecking>
			<DCC_ImageBase>00400000</DCC_ImageBase>
			<VerInfo_Build>35</VerInfo_Build>
			<DCC_Namespace>Vcl;Vcl.Imaging;Vcl.Touch;Vcl.Samples;Vcl.Shell;System;Xml;Data;Datasnap;Web;Soap;Winapi;System.Win;VCLTee;Data.Win;$(DCC_Namespace)</DCC_Namespace>
			<DCC_DebugInformation>false</DCC_DebugInformation>
			<DCC_WriteableConstants>true</DCC_WriteableConstants>
			<DCC_LocalDebugSymbols>false</DCC_LocalDebugSymbols>
			<DCC_Alignment>4</DCC_Alignment>
			<VerInfo_MinorVer>68</VerInfo_MinorVer>
			<VerInfo_MajorVer>6</VerInfo_MajorVer>
			<DCC_F>false</DCC_F>
			<DCC_E>false</DCC_E>
			<VerInfo_Locale>1033</VerInfo_Locale>
			<DCC_K>false</DCC_K>
			<VerInfo_Release>1</VerInfo_Release>
			<DCC_S>false</DCC_S>
			<DCC_N>true</DCC_N>
			<DCC_DcuOutput>c:\LocalData\ov\DcuR</DCC_DcuOutput>
			<DCC_MaxStackSize>16777216</DCC_MaxStackSize>
			<VerInfo_Keys>CompanyName=Object Vision BV;FileDescription=;FileVersion=6.68.1.35;InternalName=;LegalCopyright=;LegalTrademarks=;OriginalFilename=;ProductName=;ProductVersion=1.0.0.0</VerInfo_Keys>
			<DCC_UsePackage>Vcl50;Vclx50;Vcldb50;ibevnt50;Vclbde50;vcldbx50;VCLIB50;Vclmid50;vclie50;Inetdb50;Inet50;NMFast50;webmid50;dclocx50;dclaxserver50;Tee45;Dss50;TeeUI55;Tee55;TeeDB55;FreewarePack;TeeTree1D5;rtl;xmlrtl;fmx;$(DCC_UsePackage)</DCC_UsePackage>
			<DCC_TypedAtParameter>true</DCC_TypedAtParameter>
			<DCC_AssertionsAtRuntime>false</DCC_AssertionsAtRuntime>
			<DCC_SymbolReferenceInfo>0</DCC_SymbolReferenceInfo>
			<DebugSourcePath>..\..\srv\AccessRun\;$(DebugSourcePath)</DebugSourcePath>
		</PropertyGroup>
		<PropertyGroup Condition="'$(Base_Win64)'!=''">
			<DCC_UsePackage>vcl;vclactnband;vclx;VclSmp;$(DCC_UsePackage)</DCC_UsePackage>
			<DCC_Alignment>8</DCC_Alignment>
			<DCC_Namespace>Datasnap.Win;Web.Win;Soap.Win;Xml.Win;$(DCC_Namespace)</DCC_Namespace>
			<VerInfo_Keys>CompanyName=;FileDescription=;FileVersion=1.0.0.0;InternalName=;LegalCopyright=;LegalTrademarks=;OriginalFilename=;ProductName=;ProductVersion=1.0.0.0;Comments=</VerInfo_Keys>
		</PropertyGroup>
		<PropertyGroup Condition="'$(Base_Win32)'!=''">
			<Debugger_RunParams>/noconfig</Debugger_RunParams>
			<DCC_UsePackage>vcl;svnui;svn;vclactnband;vclx;FmxTeeUI;FMXTee;bdertl;TeeUI;TeeDB;Tee;VclSmp;$(DCC_UsePackage)</DCC_UsePackage>
			<DCC_Namespace>Datasnap.Win;Web.Win;Soap.Win;Xml.Win;Bde;$(DCC_Namespace)</DCC_Namespace>
			<VerInfo_Keys>CompanyName=;FileDescription=;FileVersion=6.68.1.35;InternalName=;LegalCopyright=;LegalTrademarks=;OriginalFilename=;ProductName=;ProductVersion=1.0.0.0;Comments=</VerInfo_Keys>
		</PropertyGroup>
		<PropertyGroup Condition="'$(Cfg_1)'!=''">
			<DCC_Define>RELEASE;$(DCC_Define)</DCC_Define>
		</PropertyGroup>
		<PropertyGroup Condition="'$(Cfg_1_Win64)'!=''">
			<Debugger_RunParams>&quot;E:\prj\PBL\RSXL\cfg\stam.dms&quot;</Debugger_RunParams>
			<DCC_ExeOutput>..\..\bin\Release\x64</DCC_ExeOutput>
			<DCC_DcuOutput>..\..\obj\Release\x64\Dcu</DCC_DcuOutput>
			<VerInfo_Keys>CompanyName=;FileDescription=;FileVersion=1.0.0.0;InternalName=;LegalCopyright=;LegalTrademarks=;OriginalFilename=;ProductName=;ProductVersion=1.0.0.0;Comments=</VerInfo_Keys>
		</PropertyGroup>
		<PropertyGroup Condition="'$(Cfg_1_Win32)'!=''">
			<DCC_ExeOutput>..\..\bin\Release\Win32</DCC_ExeOutput>
			<DCC_DcuOutput>..\..\obj\Release\Win32\Dcu</DCC_DcuOutput>
			<VerInfo_Keys>CompanyName=;FileDescription=;FileVersion=1.0.0.0;InternalName=;LegalCopyright=;LegalTrademarks=;OriginalFilename=;ProductName=;ProductVersion=1.0.0.0;Comments=</VerInfo_Keys>
		</PropertyGroup>
		<PropertyGroup Condition="'$(Cfg_2)'!=''">
			<DCC_DebugInfoInExe>true</DCC_DebugInfoInExe>
			<DCC_LocalDebugSymbols>true</DCC_LocalDebugSymbols>
			<DCC_IntegerOverflowCheck>true</DCC_IntegerOverflowCheck>
			<DCC_DebugInformation>true</DCC_DebugInformation>
			<DCC_RangeChecking>true</DCC_RangeChecking>
			<DCC_DebugDCUs>true</DCC_DebugDCUs>
			<DCC_SymbolReferenceInfo>1</DCC_SymbolReferenceInfo>
			<DCC_AssertionsAtRuntime>true</DCC_AssertionsAtRuntime>
			<DCC_IOChecking>true</DCC_IOChecking>
			<DCC_Define>DEBUG;$(DCC_Define)</DCC_Define>
			<DCC_Optimize>false</DCC_Optimize>
			<DCC_GenerateStackFrames>true</DCC_GenerateStackFrames>
		</PropertyGroup>
		<PropertyGroup Condition="'$(Cfg_2_Win64)'!=''">
			<DCC_ExeOutput>..\..\bin\Debug\x64</DCC_ExeOutput>
			<DCC_DcuOutput>..\..\obj\Debug\x64\Dcu</DCC_DcuOutput>
			<VerInfo_Keys>CompanyName=;FileDescription=;FileVersion=1.0.0.0;InternalName=;LegalCopyright=;LegalTrademarks=;OriginalFilename=;ProductName=;ProductVersion=1.0.0.0;Comments=</VerInfo_Keys>
		</PropertyGroup>
		<PropertyGroup Condition="'$(Cfg_2_Win32)'!=''">
			<DCC_ExeOutput>..\..\bin\Debug\Win32</DCC_ExeOutput>
			<DCC_MaxStackSize>4194304</DCC_MaxStackSize>
			<Debugger_SymbolSourcePath>c:\LocalData\bin2010;c:\LocalData\Symbols;$(Debugger_SymbolSourcePath)</Debugger_SymbolSourcePath>
			<VerInfo_Keys>CompanyName=;FileDescription=;FileVersion=1.0.0.0;InternalName=;LegalCopyright=;LegalTrademarks=;OriginalFilename=;ProductName=;ProductVersion=1.0.0.0;Comments=</VerInfo_Keys>
			<DCC_DcuOutput>..\..\obj\Debug\Win32\Dcu</DCC_DcuOutput>
			<DCC_SUSPICIOUS_TYPECAST>error</DCC_SUSPICIOUS_TYPECAST>
		</PropertyGroup>
		<ItemGroup>
			<DelphiCompile Include="$(MainSource)">
				<MainSource>MainSource</MainSource>
			</DelphiCompile>
			<DCCReference Include="..\General\DmsInterface\uDMSInterface.pas"/>
			<DCCReference Include="..\General\DmsInterface\uDMSInterfaceTypes.pas"/>
			<DCCReference Include="..\General\DmsInterface\uDmsRegistry.pas"/>
			<DCCReference Include="..\General\fMain.pas">
				<Form>frmMain</Form>
			</DCCReference>
			<DCCReference Include="..\General\dmGeneral.pas">
				<Form>dmfGeneral</Form>
				<DesignClass>TDataModule</DesignClass>
			</DCCReference>
			<DCCReference Include="..\General\DmsInterface\uDMSUtils.pas"/>
			<DCCReference Include="..\General\fMdiChild.pas">
				<Form>frmMdiChild</Form>
			</DCCReference>
			<DCCReference Include="..\General\fPrimaryDataViewer.pas">
				<Form>frmPrimaryDataViewer</Form>
			</DCCReference>
			<DCCReference Include="..\General\fmBasePrimaryDataControl.pas">
				<Form>fraBasePrimaryDataControl</Form>
				<DesignClass>TFrame</DesignClass>
			</DCCReference>
			<DCCReference Include="..\General\fmDmsControl.pas">
				<Form>fraDmsControl</Form>
				<DesignClass>TFrame</DesignClass>
			</DCCReference>
			<DCCReference Include="..\General\uViewAction.pas"/>
			<DCCReference Include="..\General\uDMSDesktopFunctions.pas"/>
			<DCCReference Include="..\General\fOpenDesktop.pas">
				<Form>frmOpenDesktop</Form>
			</DCCReference>
			<DCCReference Include="..\General\fEditProperty.pas">
				<Form>frmEditProperty</Form>
			</DCCReference>
			<DCCReference Include="..\General\fExpresEdit.pas">
				<Form>frmExprEdit</Form>
			</DCCReference>
			<DCCReference Include="..\General\fHistogramParameters.pas">
				<Form>frmHistogramParameters</Form>
			</DCCReference>
			<DCCReference Include="..\General\fmHistogramControl.pas">
				<Form>fraHistogramControl</Form>
				<DesignClass>TFrame</DesignClass>
			</DCCReference>
			<DCCReference Include="..\General\DmsInterface\fExportASCGrid.pas">
				<Form>frmExportASCGrid</Form>
			</DCCReference>
			<DCCReference Include="..\General\DmsInterface\fExportBitmap.pas">
				<Form>frmExportBitmap</Form>
			</DCCReference>
			<DCCReference Include="..\General\fErrorMsg.pas">
				<Form>frmErrorMsg</Form>
			</DCCReference>
			<DCCReference Include="..\General\fSettings.pas">
				<Form>frmSettings</Form>
			</DCCReference>
			<DCCReference Include="..\General\uMapClasses.pas"/>
			<DCCReference Include="..\General\Configuration.pas"/>
			<DCCReference Include="..\General\uAppGeneral.pas"/>
			<DCCReference Include="..\General\ItemColumnProvider.pas"/>
			<DCCReference Include="..\General\DMSProjectInterface.pas"/>
			<DCCReference Include="..\General\uGenLib.pas"/>
			<DCCReference Include="..\General\uDMSTreeviewFunctions.pas"/>
			<DCCReference Include="..\General\uStartupController.pas"/>
			<DCCReference Include="..\General\uTreeViewUtilities.pas"/>
			<DCCReference Include="..\General\TreeItemPickList.pas">
				<Form>TreeItemPickList</Form>
			</DCCReference>
			<DCCReference Include="..\General\fTreeItemPickList.pas">
				<Form>frmTreeItemPickList</Form>
			</DCCReference>
			<DCCReference Include="..\General\OptionalInfo.pas">
				<Form>frmOptionalInfo</Form>
			</DCCReference>
			<DCCReference Include="..\General\TreeNodeUpdateSet.pas"/>
			<BuildConfiguration Include="Debug">
				<Key>Cfg_2</Key>
				<CfgParent>Base</CfgParent>
			</BuildConfiguration>
			<BuildConfiguration Include="Base">
				<Key>Base</Key>
			</BuildConfiguration>
			<BuildConfiguration Include="Release">
				<Key>Cfg_1</Key>
				<CfgParent>Base</CfgParent>
			</BuildConfiguration>
		</ItemGroup>
		<ProjectExtensions>
			<Borland.Personality>Delphi.Personality.12</Borland.Personality>
			<Borland.ProjectType/>
			<BorlandProject>
				<Delphi.Personality>
					<Source>
						<Source Name="MainSource">GeoDmsGuiDelphi.dpr</Source>
					</Source>
					<VersionInfo>
						<VersionInfo Name="IncludeVerInfo">True</VersionInfo>
						<VersionInfo Name="AutoIncBuild">True</VersionInfo>
						<VersionInfo Name="MajorVer">5</VersionInfo>
						<VersionInfo Name="MinorVer">95</VersionInfo>
						<VersionInfo Name="Release">1</VersionInfo>
						<VersionInfo Name="Build">105</VersionInfo>
						<VersionInfo Name="Debug">False</VersionInfo>
						<VersionInfo Name="PreRelease">False</VersionInfo>
						<VersionInfo Name="Special">False</VersionInfo>
						<VersionInfo Name="Private">False</VersionInfo>
						<VersionInfo Name="DLL">False</VersionInfo>
						<VersionInfo Name="Locale">1033</VersionInfo>
						<VersionInfo Name="CodePage">1252</VersionInfo>
					</VersionInfo>
					<VersionInfoKeys>
						<VersionInfoKeys Name="CompanyName">Object Vision BV</VersionInfoKeys>
						<VersionInfoKeys Name="FileDescription"/>
						<VersionInfoKeys Name="FileVersion">5.95.1.105</VersionInfoKeys>
						<VersionInfoKeys Name="InternalName"/>
						<VersionInfoKeys Name="LegalCopyright"/>
						<VersionInfoKeys Name="LegalTrademarks"/>
						<VersionInfoKeys Name="OriginalFilename"/>
						<VersionInfoKeys Name="ProductName"/>
						<VersionInfoKeys Name="ProductVersion">1.0.0.0</VersionInfoKeys>
					</VersionInfoKeys>
					<Excluded_Packages>
						<Excluded_Packages Name="$(BDSBIN)\dclact160.bpl">Embarcadero ActionBar Components</Excluded_Packages>
						<Excluded_Packages Name="C:\Program Files (x86)\FastReports\LibD16\dclfs16.bpl">FastScript 1.9 Components</Excluded_Packages>
						<Excluded_Packages Name="C:\Program Files (x86)\FastReports\LibD16\dclfrx16.bpl">FastReport 4.0 Components</Excluded_Packages>
						<Excluded_Packages Name="C:\Program Files (x86)\FastReports\LibD16\dclfsDB16.bpl">FastScript 1.9 DB Components</Excluded_Packages>
						<Excluded_Packages Name="C:\Program Files (x86)\FastReports\LibD16\dclfrxDB16.bpl">FastReport 4.0 DB Components</Excluded_Packages>
						<Excluded_Packages Name="C:\Program Files (x86)\FastReports\LibD16\dclfrxe16.bpl">FastReport 4.0 Exports</Excluded_Packages>
						<Excluded_Packages Name="$(BDSBIN)\dclfmxstd160.bpl">Embarcadero FMX Standard Components</Excluded_Packages>
						<Excluded_Packages Name="$(BDSBIN)\dclfmistd160.bpl">Embarcadero FMI Standard Components</Excluded_Packages>
						<Excluded_Packages Name="$(BDSBIN)\dclbindcompfmx160.bpl">Embarcadero LiveBindings Components FireMonkey</Excluded_Packages>
						<Excluded_Packages Name="$(BDSBIN)\dclbindcompvcl160.bpl">Embarcadero LiveBindings Components VCL</Excluded_Packages>
						<Excluded_Packages Name="$(BDSBIN)\dclbde160.bpl">Embarcadero BDE DB Components</Excluded_Packages>
						<Excluded_Packages Name="$(BDSBIN)\dclemacsedit160.bpl">Embarcadero Editor Emacs Enhancements</Excluded_Packages>
						<Excluded_Packages Name="$(BDSBIN)\dclmlwiz160.bpl">Embarcadero Markup Language Wizards</Excluded_Packages>
						<Excluded_Packages Name="$(BDSBIN)\dclsmpedit160.bpl">Embarcadero Editor Script Enhancements</Excluded_Packages>
						<Excluded_Packages Name="$(BDSBIN)\dcltouch160.bpl">Embarcadero Touch Components</Excluded_Packages>
						<Excluded_Packages Name="$(BDSBIN)\samplevisualizers160.bpl">Embarcadero Sample Debugger Visualizers</Excluded_Packages>
						<Excluded_Packages Name="$(BDSBIN)\dclmcn160.bpl">Embarcadero DataSnap Connection Components</Excluded_Packages>
						<Excluded_Packages Name="$(BDSBIN)\dclib160.bpl">Embarcadero InterBase Express Components</Excluded_Packages>
						<Excluded_Packages Name="$(BDSBIN)\dclado160.bpl">Embarcadero ADO DB Components</Excluded_Packages>
						<Excluded_Packages Name="$(BDSBIN)\dclIndyProtocols160.bpl">Indy 10 Protocols Design Time</Excluded_Packages>
						<Excluded_Packages Name="$(BDSBIN)\dclwebsnap160.bpl">Embarcadero WebSnap Components</Excluded_Packages>
						<Excluded_Packages Name="$(BDSBIN)\dclsoap160.bpl">Embarcadero SOAP Components</Excluded_Packages>
						<Excluded_Packages Name="$(BDSBIN)\dclribbon160.bpl">Embarcadero Ribbon Controls</Excluded_Packages>
						<Excluded_Packages Name="$(BDSBIN)\dclDBXDrivers160.bpl">Embarcadero Driver Components</Excluded_Packages>
						<Excluded_Packages Name="$(BDSBIN)\dcldbxcds160.bpl">Embarcadero SimpleDataset Component (DBX)</Excluded_Packages>
						<Excluded_Packages Name="$(BDSBIN)\dclCloudService160.bpl">Embarcadero Cloud management components</Excluded_Packages>
						<Excluded_Packages Name="$(BDSBIN)\dclIPIndyImpl160.bpl">IP Abstraction Indy Implementation Design Time</Excluded_Packages>
						<Excluded_Packages Name="$(BDSBIN)\dcloffice2k160.bpl">Microsoft Office 2000 Sample Automation Server Wrapper Components</Excluded_Packages>
						<Excluded_Packages Name="$(BDSBIN)\dclofficexp160.bpl">Microsoft Office XP Sample Automation Server Wrapper Components</Excluded_Packages>
					</Excluded_Packages>
				</Delphi.Personality>
				<Platforms>
					<Platform value="Win64">True</Platform>
					<Platform value="Win32">True</Platform>
				</Platforms>
				<Deployment>
					<DeployFile Class="ProjectOutput" Configuration="Release" LocalName="c:\LocalData\bin2010\GeoDmsGui.exe">
						<Platform Name="Win64"/>
					</DeployFile>
					<DeployFile Class="DebugSymbols" Configuration="Release" LocalName="..\..\bin\Release\Win32\GeoDmsGui.rsm">
						<Platform Name="Win32">
							<RemoteName>GeoDmsGui.rsm</RemoteName>
						</Platform>
					</DeployFile>
					<DeployFile Class="DebugSymbols" Configuration="Release" LocalName="c:\LocalData\bin2010\GeoDmsGui.rsm">
						<Platform Name="Win64">
							<RemoteName>GeoDmsGui.rsm</RemoteName>
						</Platform>
					</DeployFile>
					<DeployFile Class="ProjectOutput" Configuration="Release" LocalName="..\..\bin\Release\Win32\GeoDmsGui.exe">
						<Platform Name="Win32"/>
					</DeployFile>
					<DeployClass Name="ProjectOutput" Required="true">
						<Platform Name="OSX32">
							<RemoteDir>Contents\MacOS</RemoteDir>
							<Operation>1</Operation>
						</Platform>
						<Platform Name="Win32">
							<Operation>0</Operation>
						</Platform>
					</DeployClass>
					<DeployClass Name="DependencyPackage" Required="true">
						<Platform Name="OSX32">
							<RemoteDir>Contents\MacOS</RemoteDir>
							<Operation>1</Operation>
							<Extensions>.dylib</Extensions>
						</Platform>
						<Platform Name="Win32">
							<Operation>0</Operation>
							<Extensions>.bpl</Extensions>
						</Platform>
					</DeployClass>
					<DeployClass Name="DependencyModule">
						<Platform Name="OSX32">
							<RemoteDir>Contents\MacOS</RemoteDir>
							<Operation>1</Operation>
							<Extensions>.dylib</Extensions>
						</Platform>
						<Platform Name="Win32">
							<Operation>0</Operation>
							<Extensions>.dll;.bpl</Extensions>
						</Platform>
					</DeployClass>
					<DeployClass Name="ProjectOSXInfoPList">
						<Platform Name="OSX32">
							<RemoteDir>Contents</RemoteDir>
							<Operation>1</Operation>
						</Platform>
					</DeployClass>
					<DeployClass Name="File">
						<Platform Name="OSX32">
							<RemoteDir>Contents\MacOS</RemoteDir>
							<Operation>0</Operation>
						</Platform>
						<Platform Name="Win32">
							<Operation>0</Operation>
						</Platform>
					</DeployClass>
					<DeployClass Name="DebugSymbols">
						<Platform Name="OSX32">
							<RemoteDir>Contents\MacOS</RemoteDir>
							<Operation>1</Operation>
						</Platform>
						<Platform Name="Win32">
							<Operation>0</Operation>
						</Platform>
					</DeployClass>
					<DeployClass Name="DependencyFramework">
						<Platform Name="OSX32">
							<RemoteDir>Contents\MacOS</RemoteDir>
							<Operation>1</Operation>
							<Extensions>.framework</Extensions>
						</Platform>
						<Platform Name="Win32">
							<Operation>0</Operation>
						</Platform>
					</DeployClass>
					<DeployClass Name="AdditionalDebugSymbols">
						<Platform Name="OSX32">
							<RemoteDir>Contents\MacOS</RemoteDir>
							<Operation>1</Operation>
						</Platform>
						<Platform Name="Win32">
							<Operation>0</Operation>
						</Platform>
					</DeployClass>
					<DeployClass Name="ProjectOSXResource">
						<Platform Name="OSX32">
							<RemoteDir>Contents\Resources</RemoteDir>
							<Operation>1</Operation>
						</Platform>
					</DeployClass>
					<ProjectRoot Name="$(PROJECTNAME).app" Platform="OSX32"/>
					<ProjectRoot Name="$(PROJECTNAME)" Platform="Win64"/>
					<ProjectRoot Name="$(PROJECTNAME)" Platform="Win32"/>
				</Deployment>
				<ModelSupport>False</ModelSupport>
			</BorlandProject>
			<ProjectFileVersion>12</ProjectFileVersion>
		</ProjectExtensions>
		<Import Condition="Exists('$(BDS)\Bin\CodeGear.Delphi.Targets')" Project="$(BDS)\Bin\CodeGear.Delphi.Targets"/>
		<Import Condition="Exists('$(APPDATA)\Embarcadero\$(BDSAPPDATABASEDIR)\$(PRODUCTVERSION)\UserTools.proj')" Project="$(APPDATA)\Embarcadero\$(BDSAPPDATABASEDIR)\$(PRODUCTVERSION)\UserTools.proj"/>
		<Import Condition="Exists('$(MSBuildProjectName).deployproj')" Project="$(MSBuildProjectName).deployproj"/>
	</Project>
